
Microsoft Visual Studio Solution File, Format Version 12.00
# Visual Studio Version 17
VisualStudioVersion = 17.0.32014.148
MinimumVisualStudioVersion = 15.0.26124.0
Project("{2150E333-8FDC-42A3-9474-1A3956D46DE8}") = "project", "project", "{11E56A6E-0749-4FD9-B88A-ACA7C71E5218}"
EndProject
Project("{2150E333-8FDC-42A3-9474-1A3956D46DE8}") = "Solution Items", "Solution Items", "{20933ED6-33A6-4627-BE9B-87055C01788D}"
	ProjectSection(SolutionItems) = preProject
		.editorconfig = .editorconfig
		.gitignore = .gitignore
		.gitlab-ci.yml = .gitlab-ci.yml
		.ruleset = .ruleset
		CodeCoverage.runsettings = CodeCoverage.runsettings
		coverlet.runsettings.xml = coverlet.runsettings.xml
		docker-compose.yml = docker-compose.yml
		scripts\gitlab-ci-includes.yml = scripts\gitlab-ci-includes.yml
		NuGet.config = NuGet.config
		README.md = README.md
		SonarQube.Analysis.xml = SonarQube.Analysis.xml
		stylecop.json = stylecop.json
	EndProjectSection
EndProject
Project("{E24C65DC-7377-472B-9ABA-BC803B73C61A}") = "src", "project\BBWT.Client\src\", "{0C04692B-AA5A-4524-A938-DA39C308D32A}"
	ProjectSection(WebsiteProperties) = preProject
		TargetFrameworkMoniker = ".NETFramework,Version%3Dv4.8"
		Debug.AspNetCompiler.VirtualPath = "/localhost_53014"
		Debug.AspNetCompiler.PhysicalPath = "project\BBWT.Client\src\"
		Debug.AspNetCompiler.TargetPath = "PrecompiledWeb\localhost_53014\"
		Debug.AspNetCompiler.Updateable = "true"
		Debug.AspNetCompiler.ForceOverwrite = "true"
		Debug.AspNetCompiler.FixedNames = "false"
		Debug.AspNetCompiler.Debug = "True"
		Release.AspNetCompiler.VirtualPath = "/localhost_53014"
		Release.AspNetCompiler.PhysicalPath = "project\BBWT.Client\src\"
		Release.AspNetCompiler.TargetPath = "PrecompiledWeb\localhost_53014\"
		Release.AspNetCompiler.Updateable = "true"
		Release.AspNetCompiler.ForceOverwrite = "true"
		Release.AspNetCompiler.FixedNames = "false"
		Release.AspNetCompiler.Debug = "False"
		VWDPort = "53014"
		SlnRelativePath = "project\BBWT.Client\src\"
	EndProjectSection
EndProject
Project("{2150E333-8FDC-42A3-9474-1A3956D46DE8}") = "modules", "modules", "{C47AEF40-3698-11E8-B400-07411FB1994A}"
EndProject
Project("{9A19103F-16F7-4668-BE54-9A1E7A4F7556}") = "BBWM.DataProcessing", "modules\BBWM.DataProcessing\BBWM.DataProcessing.csproj", "{ABDAD9EA-2377-45BD-9DE7-D8745211A304}"
EndProject
Project("{9A19103F-16F7-4668-BE54-9A1E7A4F7556}") = "BBWM.Core", "modules\BBWM.Core\BBWM.Core.csproj", "{8C23EEE9-7CCB-4704-B4D5-D20840F60950}"
EndProject
Project("{9A19103F-16F7-4668-BE54-9A1E7A4F7556}") = "BBWM.SystemData", "modules\BBWM.SystemData\BBWM.SystemData.csproj", "{69C146D5-B433-48A4-B97F-E088FB80748C}"
EndProject
Project("{9A19103F-16F7-4668-BE54-9A1E7A4F7556}") = "BBWM.Messages", "modules\BBWM.Messages\BBWM.Messages.csproj", "{27D5DD91-2AE0-4D4B-8954-8CBA9876D2C2}"
EndProject
Project("{9A19103F-16F7-4668-BE54-9A1E7A4F7556}") = "BBWM.ReportProblem", "modules\BBWM.ReportProblem\BBWM.ReportProblem.csproj", "{8B0DDBCA-1069-4D01-85B0-7D7A2B5AA94A}"
EndProject
Project("{9A19103F-16F7-4668-BE54-9A1E7A4F7556}") = "BBWM.Messages.Templates", "modules\BBWM.Messages.Templates\BBWM.Messages.Templates.csproj", "{48A0B831-654C-4065-8D5C-2C8A5CD935F1}"
EndProject
Project("{9A19103F-16F7-4668-BE54-9A1E7A4F7556}") = "BBWM.SystemSettings", "modules\BBWM.SystemSettings\BBWM.SystemSettings.csproj", "{A30CA865-EB45-4C71-8C18-BFE05E60BCAD}"
EndProject
Project("{9A19103F-16F7-4668-BE54-9A1E7A4F7556}") = "BBWM.Maintenance", "modules\BBWM.Maintenance\BBWM.Maintenance.csproj", "{70B07FFC-3E08-4534-9093-03D337F92338}"
EndProject
Project("{9A19103F-16F7-4668-BE54-9A1E7A4F7556}") = "BBWM.ReCaptcha", "modules\BBWM.ReCaptcha\BBWM.ReCaptcha.csproj", "{8E438230-5C17-4CB0-9B30-88CBD270CEBC}"
EndProject
Project("{9A19103F-16F7-4668-BE54-9A1E7A4F7556}") = "BBWM.GitLab", "modules\BBWM.GitLab\BBWM.GitLab.csproj", "{2E74C930-C89D-443C-B711-9759EDE400FB}"
EndProject
Project("{9A19103F-16F7-4668-BE54-9A1E7A4F7556}") = "BBWM.FileStorage", "modules\BBWM.FileStorage\BBWM.FileStorage.csproj", "{E88C529D-4CC7-46DB-89E9-69137B2FAA4A}"
EndProject
Project("{9A19103F-16F7-4668-BE54-9A1E7A4F7556}") = "BBWM.JWT", "modules\BBWM.JWT\BBWM.JWT.csproj", "{771FD030-74EB-4699-8095-CB11B8DF1BBF}"
EndProject
Project("{9A19103F-16F7-4668-BE54-9A1E7A4F7556}") = "BBWM.DbDoc", "modules\BBWM.DbDoc\BBWM.DbDoc.csproj", "{62AADDCC-0F19-4C59-9DCC-BF5D221B8F58}"
EndProject
Project("{9A19103F-16F7-4668-BE54-9A1E7A4F7556}") = "BBWM.FileStorage.DiskSpace", "modules\BBWM.FileStorage.DiskSpace\BBWM.FileStorage.DiskSpace.csproj", "{FE93447E-F2C6-46C0-BC7D-7356C3171303}"
EndProject
Project("{9A19103F-16F7-4668-BE54-9A1E7A4F7556}") = "BBWM.Metadata", "modules\BBWM.Metadata\BBWM.Metadata.csproj", "{73C34CDD-1D68-47F8-9969-A2B578BDCA1E}"
EndProject
Project("{9A19103F-16F7-4668-BE54-9A1E7A4F7556}") = "BBWM.LoadingTime", "modules\BBWM.LoadingTime\BBWM.LoadingTime.csproj", "{78444F59-C28B-49DB-AB64-FB832C38653C}"
EndProject
Project("{9A19103F-16F7-4668-BE54-9A1E7A4F7556}") = "BBWM.Menu", "modules\BBWM.Menu\BBWM.Menu.csproj", "{E95BF0B5-565A-4AB1-AEBE-077E697B5E3A}"
EndProject
Project("{9A19103F-16F7-4668-BE54-9A1E7A4F7556}") = "BBWM.Core.Web.CookieAuth", "modules\BBWM.Core.Web.CookieAuth\BBWM.Core.Web.CookieAuth.csproj", "{B2B0C802-9170-4366-88B2-972F57D48200}"
EndProject
Project("{9A19103F-16F7-4668-BE54-9A1E7A4F7556}") = "BBWM.Demo", "modules\BBWM.Demo\BBWM.Demo.csproj", "{D4B200CA-25BF-4D02-A109-E97592A79448}"
EndProject
Project("{9A19103F-16F7-4668-BE54-9A1E7A4F7556}") = "BBWM.Core.Membership", "modules\BBWM.Core.Membership\BBWM.Core.Membership.csproj", "{B66A818E-C082-4C2D-9225-5BBE1C65F5D2}"
EndProject
Project("{9A19103F-16F7-4668-BE54-9A1E7A4F7556}") = "BBWM.Menu.Db", "modules\BBWM.Menu.Db\BBWM.Menu.Db.csproj", "{8FC2C6C5-52C4-4CA4-8631-8B40585750B3}"
EndProject
Project("{9A19103F-16F7-4668-BE54-9A1E7A4F7556}") = "BBWM.Menu.JsonGit", "modules\BBWM.Menu.JsonGit\BBWM.Menu.JsonGit.csproj", "{D3323BD6-CA25-4C13-A6C8-BEDEAF6588B4}"
EndProject
Project("{9A19103F-16F7-4668-BE54-9A1E7A4F7556}") = "BBWM.Feedback", "modules\BBWM.Feedback\BBWM.Feedback.csproj", "{0825866F-7A86-45EA-9E77-D3CBB0BBAB21}"
EndProject
Project("{9A19103F-16F7-4668-BE54-9A1E7A4F7556}") = "BBWM.AWS", "modules\BBWM.AWS\BBWM.AWS.csproj", "{3E942D74-4CFC-448E-8598-2142469A7C8A}"
EndProject
Project("{9A19103F-16F7-4668-BE54-9A1E7A4F7556}") = "BBWM.Azure", "modules\BBWM.Azure\BBWM.Azure.csproj", "{87E45747-2702-4ED0-8995-FD4DA3162707}"
EndProject
Project("{9A19103F-16F7-4668-BE54-9A1E7A4F7556}") = "BBWM.AppConfiguration", "modules\BBWM.AppConfiguration\BBWM.AppConfiguration.csproj", "{85F73B4D-CE8E-4DB2-A295-76A68604B343}"
EndProject
Project("{9A19103F-16F7-4668-BE54-9A1E7A4F7556}") = "BBWM.StaticPages", "modules\BBWM.StaticPages\BBWM.StaticPages.csproj", "{F04AB6E5-970E-41C2-9E80-4F1D603C40E0}"
EndProject
Project("{9A19103F-16F7-4668-BE54-9A1E7A4F7556}") = "BBWM.Messages.Templates.Api", "modules\BBWM.Messages.Templates.Api\BBWM.Messages.Templates.Api.csproj", "{C20B64C4-3252-4082-A188-447AA3188CCC}"
EndProject
Project("{9A19103F-16F7-4668-BE54-9A1E7A4F7556}") = "BBWM.SustainsysSaml", "modules\BBWM.SustainsysSaml\BBWM.SustainsysSaml.csproj", "{BBA82D37-91E1-44DA-A801-DBF0BFBF1988}"
EndProject
Project("{9A19103F-16F7-4668-BE54-9A1E7A4F7556}") = "BBWM.SsoProviders", "modules\BBWM.SsoProviders\BBWM.SsoProviders.csproj", "{4FBE8B4C-13AA-42BA-8E39-EB8CDDA395C8}"
EndProject
Project("{9A19103F-16F7-4668-BE54-9A1E7A4F7556}") = "BBWM.Core.Audit", "modules\BBWM.Core.Audit\BBWM.Core.Audit.csproj", "{E98716EA-329B-4BF9-9E44-6C84C8CCE4B6}"
EndProject
Project("{9A19103F-16F7-4668-BE54-9A1E7A4F7556}") = "BBWM.RuntimeEditor", "modules\BBWM.RuntimeEditor\BBWM.RuntimeEditor.csproj", "{71761944-194C-4BBB-9553-A92D794F726F}"
EndProject
Project("{9A19103F-16F7-4668-BE54-9A1E7A4F7556}") = "BBWT.Data", "project\BBWT.Data\BBWT.Data.csproj", "{6AFE36B3-457F-4219-9E12-94258E6C988A}"
EndProject
Project("{9A19103F-16F7-4668-BE54-9A1E7A4F7556}") = "BBWT.Data.MySQL", "project\BBWT.Data.MySQL\BBWT.Data.MySQL.csproj", "{4D7EA066-4D2C-4698-AAF2-E6328817A143}"
EndProject
Project("{9A19103F-16F7-4668-BE54-9A1E7A4F7556}") = "BBWT.Data.SqlServer", "project\BBWT.Data.SqlServer\BBWT.Data.SqlServer.csproj", "{132FBF17-4655-43BE-9C50-F4E8CE7C9E25}"
EndProject
Project("{9A19103F-16F7-4668-BE54-9A1E7A4F7556}") = "BBWT.InitialData", "project\BBWT.InitialData\BBWT.InitialData.csproj", "{6740754F-DF0B-4C92-8C98-25A9819ED485}"
EndProject
Project("{9A19103F-16F7-4668-BE54-9A1E7A4F7556}") = "BBWT.Services", "project\BBWT.Services\BBWT.Services.csproj", "{9286143B-7D1C-42CB-B1BF-C2FD483D51B9}"
EndProject
Project("{9A19103F-16F7-4668-BE54-9A1E7A4F7556}") = "BBWT.Server", "project\BBWT.Server\BBWT.Server.csproj", "{75BB1B0D-C6A6-40F3-AB4C-53F9E7279BDB}"
EndProject
Project("{9A19103F-16F7-4668-BE54-9A1E7A4F7556}") = "BBWM.Reporting", "modules\BBWM.Reporting\BBWM.Reporting.csproj", "{78ED69FA-C19F-4EBE-9E55-1590683FA56D}"
EndProject
Project("{9A19103F-16F7-4668-BE54-9A1E7A4F7556}") = "BBWM.Demo.Data", "modules\BBWM.Demo.Data\BBWM.Demo.Data.csproj", "{4EDD7B8A-1CE8-48BA-B1C6-559B1B9CA7B0}"
EndProject
Project("{9A19103F-16F7-4668-BE54-9A1E7A4F7556}") = "BBWM.AWS.EventBridge", "modules\BBWM.AWS.EventBridge\BBWM.AWS.EventBridge.csproj", "{E5676732-04A3-4099-AEAE-05AB16322CE3}"
EndProject
Project("{2150E333-8FDC-42A3-9474-1A3956D46DE8}") = "tests", "tests", "{0987D0EC-96A9-4195-917B-A7363D3841BE}"
EndProject
Project("{9A19103F-16F7-4668-BE54-9A1E7A4F7556}") = "BBWT.Tests", "tests\BBWT.Tests.csproj", "{E6C45EBA-AC86-4317-857E-ADB2288A2498}"
EndProject
Project("{9A19103F-16F7-4668-BE54-9A1E7A4F7556}") = "BBWM.AggregatedLogs", "modules\BBWM.AggregatedLogs\BBWM.AggregatedLogs.csproj", "{2E57C153-030A-4F41-BD94-FFCE9A8D3C55}"
EndProject
Project("{9A19103F-16F7-4668-BE54-9A1E7A4F7556}") = "BBWM.AggregatedLogs.Lambda", "modules\BBWM.AggregatedLogs.Lambda\BBWM.AggregatedLogs.Lambda.csproj", "{BEAAEAB0-267E-444B-8649-F9BE65220B2F}"
EndProject
Project("{9A19103F-16F7-4668-BE54-9A1E7A4F7556}") = "BBWM.FormIO", "modules\BBWM.Formio\BBWM.FormIO.csproj", "{B40ADDA2-B4CC-45C3-9E7C-515DF59F615C}"
EndProject
Project("{2150E333-8FDC-42A3-9474-1A3956D46DE8}") = "features", "features", "{9622D3B3-233A-4F7A-9D64-D761280B908E}"
EndProject
Project("{2150E333-8FDC-42A3-9474-1A3956D46DE8}") = "reporting.v3", "reporting.v3", "{F947B77F-3C8D-4D5C-8612-82AB57157B88}"
EndProject
Project("{9A19103F-16F7-4668-BE54-9A1E7A4F7556}") = "Reporting.Core", "features\reporting.v3\Reporting.Core\Reporting.Core.csproj", "{E6248010-A0D9-4155-A538-5FD4AD7F31D2}"
EndProject
Project("{9A19103F-16F7-4668-BE54-9A1E7A4F7556}") = "Reporting.Dashboard", "features\reporting.v3\Reporting.Dashboard\Reporting.Dashboard.csproj", "{E5C0BC75-F30B-49A8-842F-4FCCBD2FFCFE}"
EndProject
Project("{9A19103F-16F7-4668-BE54-9A1E7A4F7556}") = "Reporting.Dashboard.Api", "features\reporting.v3\Reporting.Dashboard.Api\Reporting.Dashboard.Api.csproj", "{AAFCCC07-F98A-4701-A04B-1486329D205D}"
EndProject
Project("{9A19103F-16F7-4668-BE54-9A1E7A4F7556}") = "Reporting.Widget.ControlSet", "features\reporting.v3\Reporting.Widget.ControlSet\Reporting.Widget.ControlSet.csproj", "{7257F5D4-0C66-433B-B8E9-00534C52C1A0}"
EndProject
Project("{9A19103F-16F7-4668-BE54-9A1E7A4F7556}") = "Reporting.Widget.ControlSet.Api", "features\reporting.v3\Reporting.Widget.ControlSet.Api\Reporting.Widget.ControlSet.Api.csproj", "{82E80577-51A6-43BB-B494-8E2F9ABB0C63}"
EndProject
Project("{9A19103F-16F7-4668-BE54-9A1E7A4F7556}") = "Reporting.Widget.Grid", "features\reporting.v3\Reporting.Widget.Grid\Reporting.Widget.Grid.csproj", "{CF1E1C5E-AA1E-47B4-8025-6A0DB63DFC2F}"
EndProject
Project("{9A19103F-16F7-4668-BE54-9A1E7A4F7556}") = "Reporting.Widget.Grid.Api", "features\reporting.v3\Reporting.Widget.Grid.Api\Reporting.Widget.Grid.Api.csproj", "{ED5299C2-D4A8-4BAB-9A8D-68549B65CD13}"
EndProject
Project("{9A19103F-16F7-4668-BE54-9A1E7A4F7556}") = "Reporting.Widget.Chart", "features\reporting.v3\Reporting.Widget.Chart\Reporting.Widget.Chart.csproj", "{B044066B-8E07-4BD1-B2B1-105648A3ED5F}"
EndProject
Project("{9A19103F-16F7-4668-BE54-9A1E7A4F7556}") = "Reporting.Widget.Chart.Api", "features\reporting.v3\Reporting.Widget.Chart.Api\Reporting.Widget.Chart.Api.csproj", "{260B91D2-E7F3-42C3-90D2-9A980DC3283B}"
EndProject
Project("{9A19103F-16F7-4668-BE54-9A1E7A4F7556}") = "Reporting", "features\reporting.v3\Reporting\Reporting.csproj", "{B02A3497-BFA2-47A4-B3A1-CE9E22F28AF9}"
EndProject
Project("{9A19103F-16F7-4668-BE54-9A1E7A4F7556}") = "Reporting.Widget.Html", "features\reporting.v3\Reporting.Widget.Html\Reporting.Widget.Html.csproj", "{44C49014-8337-4EB5-A4F2-2BC729AAE0C5}"
EndProject
Project("{9A19103F-16F7-4668-BE54-9A1E7A4F7556}") = "Reporting.Widget.Html.Api", "features\reporting.v3\Reporting.Widget.Html.Api\Reporting.Widget.Html.Api.csproj", "{3021C5FA-61AF-4EE3-A46F-089C39651225}"
EndProject
Project("{9A19103F-16F7-4668-BE54-9A1E7A4F7556}") = "Reporting.QueryBuilder", "features\reporting.v3\Reporting.QueryBuilder\Reporting.QueryBuilder.csproj", "{115E5AB0-B24A-4702-AC07-9513853D9E9D}"
EndProject
Project("{9A19103F-16F7-4668-BE54-9A1E7A4F7556}") = "Reporting.QueryBuilder.Api", "features\reporting.v3\Reporting.QueryBuilder.Api\Reporting.QueryBuilder.Api.csproj", "{A7FE85F0-66CA-45D6-BD6F-924FC79E0DE4}"
EndProject
Project("{9A19103F-16F7-4668-BE54-9A1E7A4F7556}") = "Reporting.PdfExport", "features\reporting.v3\Reporting.PdfExport\Reporting.PdfExport.csproj", "{771198D1-5A0D-4C65-BA3C-12B56C95A050}"
EndProject
Project("{9A19103F-16F7-4668-BE54-9A1E7A4F7556}") = "BBWM.Scheduler", "modules\BBWM.Scheduler\BBWM.Scheduler.csproj", "{3585FDF3-4802-426E-8EAA-3647D3569B52}"
EndProject
Project("{9A19103F-16F7-4668-BE54-9A1E7A4F7556}") = "Reporting.TableSet", "features\reporting.v3\Reporting.TableSet\Reporting.TableSet.csproj", "{5FC35133-67A2-48F9-90DF-7F1D1FF1F342}"
EndProject
Project("{9A19103F-16F7-4668-BE54-9A1E7A4F7556}") = "Reporting.TableSet.Api", "features\reporting.v3\Reporting.TableSet.Api\Reporting.TableSet.Api.csproj", "{6744C682-7FFD-4EA4-8977-4BA2A39D4570}"
EndProject
Global
	GlobalSection(SolutionConfigurationPlatforms) = preSolution
		Debug|Any CPU = Debug|Any CPU
		Debug|x64 = Debug|x64
		Debug|x86 = Debug|x86
		Release|Any CPU = Release|Any CPU
		Release|x64 = Release|x64
		Release|x86 = Release|x86
	EndGlobalSection
	GlobalSection(ProjectConfigurationPlatforms) = postSolution
		{0C04692B-AA5A-4524-A938-DA39C308D32A}.Debug|Any CPU.ActiveCfg = Debug|Any CPU
		{0C04692B-AA5A-4524-A938-DA39C308D32A}.Debug|Any CPU.Build.0 = Debug|Any CPU
		{0C04692B-AA5A-4524-A938-DA39C308D32A}.Debug|x64.ActiveCfg = Debug|Any CPU
		{0C04692B-AA5A-4524-A938-DA39C308D32A}.Debug|x64.Build.0 = Debug|Any CPU
		{0C04692B-AA5A-4524-A938-DA39C308D32A}.Debug|x86.ActiveCfg = Debug|Any CPU
		{0C04692B-AA5A-4524-A938-DA39C308D32A}.Debug|x86.Build.0 = Debug|Any CPU
		{0C04692B-AA5A-4524-A938-DA39C308D32A}.Release|Any CPU.ActiveCfg = Debug|Any CPU
		{0C04692B-AA5A-4524-A938-DA39C308D32A}.Release|Any CPU.Build.0 = Debug|Any CPU
		{0C04692B-AA5A-4524-A938-DA39C308D32A}.Release|x64.ActiveCfg = Debug|Any CPU
		{0C04692B-AA5A-4524-A938-DA39C308D32A}.Release|x64.Build.0 = Debug|Any CPU
		{0C04692B-AA5A-4524-A938-DA39C308D32A}.Release|x86.ActiveCfg = Debug|Any CPU
		{0C04692B-AA5A-4524-A938-DA39C308D32A}.Release|x86.Build.0 = Debug|Any CPU
		{ABDAD9EA-2377-45BD-9DE7-D8745211A304}.Debug|Any CPU.ActiveCfg = Debug|Any CPU
		{ABDAD9EA-2377-45BD-9DE7-D8745211A304}.Debug|Any CPU.Build.0 = Debug|Any CPU
		{ABDAD9EA-2377-45BD-9DE7-D8745211A304}.Debug|x64.ActiveCfg = Debug|Any CPU
		{ABDAD9EA-2377-45BD-9DE7-D8745211A304}.Debug|x64.Build.0 = Debug|Any CPU
		{ABDAD9EA-2377-45BD-9DE7-D8745211A304}.Debug|x86.ActiveCfg = Debug|Any CPU
		{ABDAD9EA-2377-45BD-9DE7-D8745211A304}.Debug|x86.Build.0 = Debug|Any CPU
		{ABDAD9EA-2377-45BD-9DE7-D8745211A304}.Release|Any CPU.ActiveCfg = Release|Any CPU
		{ABDAD9EA-2377-45BD-9DE7-D8745211A304}.Release|Any CPU.Build.0 = Release|Any CPU
		{ABDAD9EA-2377-45BD-9DE7-D8745211A304}.Release|x64.ActiveCfg = Release|Any CPU
		{ABDAD9EA-2377-45BD-9DE7-D8745211A304}.Release|x64.Build.0 = Release|Any CPU
		{ABDAD9EA-2377-45BD-9DE7-D8745211A304}.Release|x86.ActiveCfg = Release|Any CPU
		{ABDAD9EA-2377-45BD-9DE7-D8745211A304}.Release|x86.Build.0 = Release|Any CPU
		{8C23EEE9-7CCB-4704-B4D5-D20840F60950}.Debug|Any CPU.ActiveCfg = Debug|Any CPU
		{8C23EEE9-7CCB-4704-B4D5-D20840F60950}.Debug|Any CPU.Build.0 = Debug|Any CPU
		{8C23EEE9-7CCB-4704-B4D5-D20840F60950}.Debug|x64.ActiveCfg = Debug|Any CPU
		{8C23EEE9-7CCB-4704-B4D5-D20840F60950}.Debug|x64.Build.0 = Debug|Any CPU
		{8C23EEE9-7CCB-4704-B4D5-D20840F60950}.Debug|x86.ActiveCfg = Debug|Any CPU
		{8C23EEE9-7CCB-4704-B4D5-D20840F60950}.Debug|x86.Build.0 = Debug|Any CPU
		{8C23EEE9-7CCB-4704-B4D5-D20840F60950}.Release|Any CPU.ActiveCfg = Release|Any CPU
		{8C23EEE9-7CCB-4704-B4D5-D20840F60950}.Release|Any CPU.Build.0 = Release|Any CPU
		{8C23EEE9-7CCB-4704-B4D5-D20840F60950}.Release|x64.ActiveCfg = Release|Any CPU
		{8C23EEE9-7CCB-4704-B4D5-D20840F60950}.Release|x64.Build.0 = Release|Any CPU
		{8C23EEE9-7CCB-4704-B4D5-D20840F60950}.Release|x86.ActiveCfg = Release|Any CPU
		{8C23EEE9-7CCB-4704-B4D5-D20840F60950}.Release|x86.Build.0 = Release|Any CPU
		{69C146D5-B433-48A4-B97F-E088FB80748C}.Debug|Any CPU.ActiveCfg = Debug|Any CPU
		{69C146D5-B433-48A4-B97F-E088FB80748C}.Debug|Any CPU.Build.0 = Debug|Any CPU
		{69C146D5-B433-48A4-B97F-E088FB80748C}.Debug|x64.ActiveCfg = Debug|Any CPU
		{69C146D5-B433-48A4-B97F-E088FB80748C}.Debug|x64.Build.0 = Debug|Any CPU
		{69C146D5-B433-48A4-B97F-E088FB80748C}.Debug|x86.ActiveCfg = Debug|Any CPU
		{69C146D5-B433-48A4-B97F-E088FB80748C}.Debug|x86.Build.0 = Debug|Any CPU
		{69C146D5-B433-48A4-B97F-E088FB80748C}.Release|Any CPU.ActiveCfg = Release|Any CPU
		{69C146D5-B433-48A4-B97F-E088FB80748C}.Release|Any CPU.Build.0 = Release|Any CPU
		{69C146D5-B433-48A4-B97F-E088FB80748C}.Release|x64.ActiveCfg = Release|Any CPU
		{69C146D5-B433-48A4-B97F-E088FB80748C}.Release|x64.Build.0 = Release|Any CPU
		{69C146D5-B433-48A4-B97F-E088FB80748C}.Release|x86.ActiveCfg = Release|Any CPU
		{69C146D5-B433-48A4-B97F-E088FB80748C}.Release|x86.Build.0 = Release|Any CPU
		{27D5DD91-2AE0-4D4B-8954-8CBA9876D2C2}.Debug|Any CPU.ActiveCfg = Debug|Any CPU
		{27D5DD91-2AE0-4D4B-8954-8CBA9876D2C2}.Debug|Any CPU.Build.0 = Debug|Any CPU
		{27D5DD91-2AE0-4D4B-8954-8CBA9876D2C2}.Debug|x64.ActiveCfg = Debug|Any CPU
		{27D5DD91-2AE0-4D4B-8954-8CBA9876D2C2}.Debug|x64.Build.0 = Debug|Any CPU
		{27D5DD91-2AE0-4D4B-8954-8CBA9876D2C2}.Debug|x86.ActiveCfg = Debug|Any CPU
		{27D5DD91-2AE0-4D4B-8954-8CBA9876D2C2}.Debug|x86.Build.0 = Debug|Any CPU
		{27D5DD91-2AE0-4D4B-8954-8CBA9876D2C2}.Release|Any CPU.ActiveCfg = Release|Any CPU
		{27D5DD91-2AE0-4D4B-8954-8CBA9876D2C2}.Release|Any CPU.Build.0 = Release|Any CPU
		{27D5DD91-2AE0-4D4B-8954-8CBA9876D2C2}.Release|x64.ActiveCfg = Release|Any CPU
		{27D5DD91-2AE0-4D4B-8954-8CBA9876D2C2}.Release|x64.Build.0 = Release|Any CPU
		{27D5DD91-2AE0-4D4B-8954-8CBA9876D2C2}.Release|x86.ActiveCfg = Release|Any CPU
		{27D5DD91-2AE0-4D4B-8954-8CBA9876D2C2}.Release|x86.Build.0 = Release|Any CPU
		{8B0DDBCA-1069-4D01-85B0-7D7A2B5AA94A}.Debug|Any CPU.ActiveCfg = Debug|Any CPU
		{8B0DDBCA-1069-4D01-85B0-7D7A2B5AA94A}.Debug|Any CPU.Build.0 = Debug|Any CPU
		{8B0DDBCA-1069-4D01-85B0-7D7A2B5AA94A}.Debug|x64.ActiveCfg = Debug|Any CPU
		{8B0DDBCA-1069-4D01-85B0-7D7A2B5AA94A}.Debug|x64.Build.0 = Debug|Any CPU
		{8B0DDBCA-1069-4D01-85B0-7D7A2B5AA94A}.Debug|x86.ActiveCfg = Debug|Any CPU
		{8B0DDBCA-1069-4D01-85B0-7D7A2B5AA94A}.Debug|x86.Build.0 = Debug|Any CPU
		{8B0DDBCA-1069-4D01-85B0-7D7A2B5AA94A}.Release|Any CPU.ActiveCfg = Release|Any CPU
		{8B0DDBCA-1069-4D01-85B0-7D7A2B5AA94A}.Release|Any CPU.Build.0 = Release|Any CPU
		{8B0DDBCA-1069-4D01-85B0-7D7A2B5AA94A}.Release|x64.ActiveCfg = Release|Any CPU
		{8B0DDBCA-1069-4D01-85B0-7D7A2B5AA94A}.Release|x64.Build.0 = Release|Any CPU
		{8B0DDBCA-1069-4D01-85B0-7D7A2B5AA94A}.Release|x86.ActiveCfg = Release|Any CPU
		{8B0DDBCA-1069-4D01-85B0-7D7A2B5AA94A}.Release|x86.Build.0 = Release|Any CPU
		{48A0B831-654C-4065-8D5C-2C8A5CD935F1}.Debug|Any CPU.ActiveCfg = Debug|Any CPU
		{48A0B831-654C-4065-8D5C-2C8A5CD935F1}.Debug|Any CPU.Build.0 = Debug|Any CPU
		{48A0B831-654C-4065-8D5C-2C8A5CD935F1}.Debug|x64.ActiveCfg = Debug|Any CPU
		{48A0B831-654C-4065-8D5C-2C8A5CD935F1}.Debug|x64.Build.0 = Debug|Any CPU
		{48A0B831-654C-4065-8D5C-2C8A5CD935F1}.Debug|x86.ActiveCfg = Debug|Any CPU
		{48A0B831-654C-4065-8D5C-2C8A5CD935F1}.Debug|x86.Build.0 = Debug|Any CPU
		{48A0B831-654C-4065-8D5C-2C8A5CD935F1}.Release|Any CPU.ActiveCfg = Release|Any CPU
		{48A0B831-654C-4065-8D5C-2C8A5CD935F1}.Release|Any CPU.Build.0 = Release|Any CPU
		{48A0B831-654C-4065-8D5C-2C8A5CD935F1}.Release|x64.ActiveCfg = Release|Any CPU
		{48A0B831-654C-4065-8D5C-2C8A5CD935F1}.Release|x64.Build.0 = Release|Any CPU
		{48A0B831-654C-4065-8D5C-2C8A5CD935F1}.Release|x86.ActiveCfg = Release|Any CPU
		{48A0B831-654C-4065-8D5C-2C8A5CD935F1}.Release|x86.Build.0 = Release|Any CPU
		{A30CA865-EB45-4C71-8C18-BFE05E60BCAD}.Debug|Any CPU.ActiveCfg = Debug|Any CPU
		{A30CA865-EB45-4C71-8C18-BFE05E60BCAD}.Debug|Any CPU.Build.0 = Debug|Any CPU
		{A30CA865-EB45-4C71-8C18-BFE05E60BCAD}.Debug|x64.ActiveCfg = Debug|Any CPU
		{A30CA865-EB45-4C71-8C18-BFE05E60BCAD}.Debug|x64.Build.0 = Debug|Any CPU
		{A30CA865-EB45-4C71-8C18-BFE05E60BCAD}.Debug|x86.ActiveCfg = Debug|Any CPU
		{A30CA865-EB45-4C71-8C18-BFE05E60BCAD}.Debug|x86.Build.0 = Debug|Any CPU
		{A30CA865-EB45-4C71-8C18-BFE05E60BCAD}.Release|Any CPU.ActiveCfg = Release|Any CPU
		{A30CA865-EB45-4C71-8C18-BFE05E60BCAD}.Release|Any CPU.Build.0 = Release|Any CPU
		{A30CA865-EB45-4C71-8C18-BFE05E60BCAD}.Release|x64.ActiveCfg = Release|Any CPU
		{A30CA865-EB45-4C71-8C18-BFE05E60BCAD}.Release|x64.Build.0 = Release|Any CPU
		{A30CA865-EB45-4C71-8C18-BFE05E60BCAD}.Release|x86.ActiveCfg = Release|Any CPU
		{A30CA865-EB45-4C71-8C18-BFE05E60BCAD}.Release|x86.Build.0 = Release|Any CPU
		{70B07FFC-3E08-4534-9093-03D337F92338}.Debug|Any CPU.ActiveCfg = Debug|Any CPU
		{70B07FFC-3E08-4534-9093-03D337F92338}.Debug|Any CPU.Build.0 = Debug|Any CPU
		{70B07FFC-3E08-4534-9093-03D337F92338}.Debug|x64.ActiveCfg = Debug|Any CPU
		{70B07FFC-3E08-4534-9093-03D337F92338}.Debug|x64.Build.0 = Debug|Any CPU
		{70B07FFC-3E08-4534-9093-03D337F92338}.Debug|x86.ActiveCfg = Debug|Any CPU
		{70B07FFC-3E08-4534-9093-03D337F92338}.Debug|x86.Build.0 = Debug|Any CPU
		{70B07FFC-3E08-4534-9093-03D337F92338}.Release|Any CPU.ActiveCfg = Release|Any CPU
		{70B07FFC-3E08-4534-9093-03D337F92338}.Release|Any CPU.Build.0 = Release|Any CPU
		{70B07FFC-3E08-4534-9093-03D337F92338}.Release|x64.ActiveCfg = Release|Any CPU
		{70B07FFC-3E08-4534-9093-03D337F92338}.Release|x64.Build.0 = Release|Any CPU
		{70B07FFC-3E08-4534-9093-03D337F92338}.Release|x86.ActiveCfg = Release|Any CPU
		{70B07FFC-3E08-4534-9093-03D337F92338}.Release|x86.Build.0 = Release|Any CPU
		{8E438230-5C17-4CB0-9B30-88CBD270CEBC}.Debug|Any CPU.ActiveCfg = Debug|Any CPU
		{8E438230-5C17-4CB0-9B30-88CBD270CEBC}.Debug|Any CPU.Build.0 = Debug|Any CPU
		{8E438230-5C17-4CB0-9B30-88CBD270CEBC}.Debug|x64.ActiveCfg = Debug|Any CPU
		{8E438230-5C17-4CB0-9B30-88CBD270CEBC}.Debug|x64.Build.0 = Debug|Any CPU
		{8E438230-5C17-4CB0-9B30-88CBD270CEBC}.Debug|x86.ActiveCfg = Debug|Any CPU
		{8E438230-5C17-4CB0-9B30-88CBD270CEBC}.Debug|x86.Build.0 = Debug|Any CPU
		{8E438230-5C17-4CB0-9B30-88CBD270CEBC}.Release|Any CPU.ActiveCfg = Release|Any CPU
		{8E438230-5C17-4CB0-9B30-88CBD270CEBC}.Release|Any CPU.Build.0 = Release|Any CPU
		{8E438230-5C17-4CB0-9B30-88CBD270CEBC}.Release|x64.ActiveCfg = Release|Any CPU
		{8E438230-5C17-4CB0-9B30-88CBD270CEBC}.Release|x64.Build.0 = Release|Any CPU
		{8E438230-5C17-4CB0-9B30-88CBD270CEBC}.Release|x86.ActiveCfg = Release|Any CPU
		{8E438230-5C17-4CB0-9B30-88CBD270CEBC}.Release|x86.Build.0 = Release|Any CPU
		{2E74C930-C89D-443C-B711-9759EDE400FB}.Debug|Any CPU.ActiveCfg = Debug|Any CPU
		{2E74C930-C89D-443C-B711-9759EDE400FB}.Debug|Any CPU.Build.0 = Debug|Any CPU
		{2E74C930-C89D-443C-B711-9759EDE400FB}.Debug|x64.ActiveCfg = Debug|Any CPU
		{2E74C930-C89D-443C-B711-9759EDE400FB}.Debug|x64.Build.0 = Debug|Any CPU
		{2E74C930-C89D-443C-B711-9759EDE400FB}.Debug|x86.ActiveCfg = Debug|Any CPU
		{2E74C930-C89D-443C-B711-9759EDE400FB}.Debug|x86.Build.0 = Debug|Any CPU
		{2E74C930-C89D-443C-B711-9759EDE400FB}.Release|Any CPU.ActiveCfg = Release|Any CPU
		{2E74C930-C89D-443C-B711-9759EDE400FB}.Release|Any CPU.Build.0 = Release|Any CPU
		{2E74C930-C89D-443C-B711-9759EDE400FB}.Release|x64.ActiveCfg = Release|Any CPU
		{2E74C930-C89D-443C-B711-9759EDE400FB}.Release|x64.Build.0 = Release|Any CPU
		{2E74C930-C89D-443C-B711-9759EDE400FB}.Release|x86.ActiveCfg = Release|Any CPU
		{2E74C930-C89D-443C-B711-9759EDE400FB}.Release|x86.Build.0 = Release|Any CPU
		{E88C529D-4CC7-46DB-89E9-69137B2FAA4A}.Debug|Any CPU.ActiveCfg = Debug|Any CPU
		{E88C529D-4CC7-46DB-89E9-69137B2FAA4A}.Debug|Any CPU.Build.0 = Debug|Any CPU
		{E88C529D-4CC7-46DB-89E9-69137B2FAA4A}.Debug|x64.ActiveCfg = Debug|Any CPU
		{E88C529D-4CC7-46DB-89E9-69137B2FAA4A}.Debug|x64.Build.0 = Debug|Any CPU
		{E88C529D-4CC7-46DB-89E9-69137B2FAA4A}.Debug|x86.ActiveCfg = Debug|Any CPU
		{E88C529D-4CC7-46DB-89E9-69137B2FAA4A}.Debug|x86.Build.0 = Debug|Any CPU
		{E88C529D-4CC7-46DB-89E9-69137B2FAA4A}.Release|Any CPU.ActiveCfg = Release|Any CPU
		{E88C529D-4CC7-46DB-89E9-69137B2FAA4A}.Release|Any CPU.Build.0 = Release|Any CPU
		{E88C529D-4CC7-46DB-89E9-69137B2FAA4A}.Release|x64.ActiveCfg = Release|Any CPU
		{E88C529D-4CC7-46DB-89E9-69137B2FAA4A}.Release|x64.Build.0 = Release|Any CPU
		{E88C529D-4CC7-46DB-89E9-69137B2FAA4A}.Release|x86.ActiveCfg = Release|Any CPU
		{E88C529D-4CC7-46DB-89E9-69137B2FAA4A}.Release|x86.Build.0 = Release|Any CPU
		{771FD030-74EB-4699-8095-CB11B8DF1BBF}.Debug|Any CPU.ActiveCfg = Debug|Any CPU
		{771FD030-74EB-4699-8095-CB11B8DF1BBF}.Debug|Any CPU.Build.0 = Debug|Any CPU
		{771FD030-74EB-4699-8095-CB11B8DF1BBF}.Debug|x64.ActiveCfg = Debug|Any CPU
		{771FD030-74EB-4699-8095-CB11B8DF1BBF}.Debug|x64.Build.0 = Debug|Any CPU
		{771FD030-74EB-4699-8095-CB11B8DF1BBF}.Debug|x86.ActiveCfg = Debug|Any CPU
		{771FD030-74EB-4699-8095-CB11B8DF1BBF}.Debug|x86.Build.0 = Debug|Any CPU
		{771FD030-74EB-4699-8095-CB11B8DF1BBF}.Release|Any CPU.ActiveCfg = Release|Any CPU
		{771FD030-74EB-4699-8095-CB11B8DF1BBF}.Release|Any CPU.Build.0 = Release|Any CPU
		{771FD030-74EB-4699-8095-CB11B8DF1BBF}.Release|x64.ActiveCfg = Release|Any CPU
		{771FD030-74EB-4699-8095-CB11B8DF1BBF}.Release|x64.Build.0 = Release|Any CPU
		{771FD030-74EB-4699-8095-CB11B8DF1BBF}.Release|x86.ActiveCfg = Release|Any CPU
		{771FD030-74EB-4699-8095-CB11B8DF1BBF}.Release|x86.Build.0 = Release|Any CPU
		{62AADDCC-0F19-4C59-9DCC-BF5D221B8F58}.Debug|Any CPU.ActiveCfg = Debug|Any CPU
		{62AADDCC-0F19-4C59-9DCC-BF5D221B8F58}.Debug|Any CPU.Build.0 = Debug|Any CPU
		{62AADDCC-0F19-4C59-9DCC-BF5D221B8F58}.Debug|x64.ActiveCfg = Debug|Any CPU
		{62AADDCC-0F19-4C59-9DCC-BF5D221B8F58}.Debug|x64.Build.0 = Debug|Any CPU
		{62AADDCC-0F19-4C59-9DCC-BF5D221B8F58}.Debug|x86.ActiveCfg = Debug|Any CPU
		{62AADDCC-0F19-4C59-9DCC-BF5D221B8F58}.Debug|x86.Build.0 = Debug|Any CPU
		{62AADDCC-0F19-4C59-9DCC-BF5D221B8F58}.Release|Any CPU.ActiveCfg = Release|Any CPU
		{62AADDCC-0F19-4C59-9DCC-BF5D221B8F58}.Release|Any CPU.Build.0 = Release|Any CPU
		{62AADDCC-0F19-4C59-9DCC-BF5D221B8F58}.Release|x64.ActiveCfg = Release|Any CPU
		{62AADDCC-0F19-4C59-9DCC-BF5D221B8F58}.Release|x64.Build.0 = Release|Any CPU
		{62AADDCC-0F19-4C59-9DCC-BF5D221B8F58}.Release|x86.ActiveCfg = Release|Any CPU
		{62AADDCC-0F19-4C59-9DCC-BF5D221B8F58}.Release|x86.Build.0 = Release|Any CPU
		{FE93447E-F2C6-46C0-BC7D-7356C3171303}.Debug|Any CPU.ActiveCfg = Debug|Any CPU
		{FE93447E-F2C6-46C0-BC7D-7356C3171303}.Debug|Any CPU.Build.0 = Debug|Any CPU
		{FE93447E-F2C6-46C0-BC7D-7356C3171303}.Debug|x64.ActiveCfg = Debug|Any CPU
		{FE93447E-F2C6-46C0-BC7D-7356C3171303}.Debug|x64.Build.0 = Debug|Any CPU
		{FE93447E-F2C6-46C0-BC7D-7356C3171303}.Debug|x86.ActiveCfg = Debug|Any CPU
		{FE93447E-F2C6-46C0-BC7D-7356C3171303}.Debug|x86.Build.0 = Debug|Any CPU
		{FE93447E-F2C6-46C0-BC7D-7356C3171303}.Release|Any CPU.ActiveCfg = Release|Any CPU
		{FE93447E-F2C6-46C0-BC7D-7356C3171303}.Release|Any CPU.Build.0 = Release|Any CPU
		{FE93447E-F2C6-46C0-BC7D-7356C3171303}.Release|x64.ActiveCfg = Release|Any CPU
		{FE93447E-F2C6-46C0-BC7D-7356C3171303}.Release|x64.Build.0 = Release|Any CPU
		{FE93447E-F2C6-46C0-BC7D-7356C3171303}.Release|x86.ActiveCfg = Release|Any CPU
		{FE93447E-F2C6-46C0-BC7D-7356C3171303}.Release|x86.Build.0 = Release|Any CPU
		{73C34CDD-1D68-47F8-9969-A2B578BDCA1E}.Debug|Any CPU.ActiveCfg = Debug|Any CPU
		{73C34CDD-1D68-47F8-9969-A2B578BDCA1E}.Debug|Any CPU.Build.0 = Debug|Any CPU
		{73C34CDD-1D68-47F8-9969-A2B578BDCA1E}.Debug|x64.ActiveCfg = Debug|Any CPU
		{73C34CDD-1D68-47F8-9969-A2B578BDCA1E}.Debug|x64.Build.0 = Debug|Any CPU
		{73C34CDD-1D68-47F8-9969-A2B578BDCA1E}.Debug|x86.ActiveCfg = Debug|Any CPU
		{73C34CDD-1D68-47F8-9969-A2B578BDCA1E}.Debug|x86.Build.0 = Debug|Any CPU
		{73C34CDD-1D68-47F8-9969-A2B578BDCA1E}.Release|Any CPU.ActiveCfg = Release|Any CPU
		{73C34CDD-1D68-47F8-9969-A2B578BDCA1E}.Release|Any CPU.Build.0 = Release|Any CPU
		{73C34CDD-1D68-47F8-9969-A2B578BDCA1E}.Release|x64.ActiveCfg = Release|Any CPU
		{73C34CDD-1D68-47F8-9969-A2B578BDCA1E}.Release|x64.Build.0 = Release|Any CPU
		{73C34CDD-1D68-47F8-9969-A2B578BDCA1E}.Release|x86.ActiveCfg = Release|Any CPU
		{73C34CDD-1D68-47F8-9969-A2B578BDCA1E}.Release|x86.Build.0 = Release|Any CPU
		{78444F59-C28B-49DB-AB64-FB832C38653C}.Debug|Any CPU.ActiveCfg = Debug|Any CPU
		{78444F59-C28B-49DB-AB64-FB832C38653C}.Debug|Any CPU.Build.0 = Debug|Any CPU
		{78444F59-C28B-49DB-AB64-FB832C38653C}.Debug|x64.ActiveCfg = Debug|Any CPU
		{78444F59-C28B-49DB-AB64-FB832C38653C}.Debug|x64.Build.0 = Debug|Any CPU
		{78444F59-C28B-49DB-AB64-FB832C38653C}.Debug|x86.ActiveCfg = Debug|Any CPU
		{78444F59-C28B-49DB-AB64-FB832C38653C}.Debug|x86.Build.0 = Debug|Any CPU
		{78444F59-C28B-49DB-AB64-FB832C38653C}.Release|Any CPU.ActiveCfg = Release|Any CPU
		{78444F59-C28B-49DB-AB64-FB832C38653C}.Release|Any CPU.Build.0 = Release|Any CPU
		{78444F59-C28B-49DB-AB64-FB832C38653C}.Release|x64.ActiveCfg = Release|Any CPU
		{78444F59-C28B-49DB-AB64-FB832C38653C}.Release|x64.Build.0 = Release|Any CPU
		{78444F59-C28B-49DB-AB64-FB832C38653C}.Release|x86.ActiveCfg = Release|Any CPU
		{78444F59-C28B-49DB-AB64-FB832C38653C}.Release|x86.Build.0 = Release|Any CPU
		{E95BF0B5-565A-4AB1-AEBE-077E697B5E3A}.Debug|Any CPU.ActiveCfg = Debug|Any CPU
		{E95BF0B5-565A-4AB1-AEBE-077E697B5E3A}.Debug|Any CPU.Build.0 = Debug|Any CPU
		{E95BF0B5-565A-4AB1-AEBE-077E697B5E3A}.Debug|x64.ActiveCfg = Debug|Any CPU
		{E95BF0B5-565A-4AB1-AEBE-077E697B5E3A}.Debug|x64.Build.0 = Debug|Any CPU
		{E95BF0B5-565A-4AB1-AEBE-077E697B5E3A}.Debug|x86.ActiveCfg = Debug|Any CPU
		{E95BF0B5-565A-4AB1-AEBE-077E697B5E3A}.Debug|x86.Build.0 = Debug|Any CPU
		{E95BF0B5-565A-4AB1-AEBE-077E697B5E3A}.Release|Any CPU.ActiveCfg = Release|Any CPU
		{E95BF0B5-565A-4AB1-AEBE-077E697B5E3A}.Release|Any CPU.Build.0 = Release|Any CPU
		{E95BF0B5-565A-4AB1-AEBE-077E697B5E3A}.Release|x64.ActiveCfg = Release|Any CPU
		{E95BF0B5-565A-4AB1-AEBE-077E697B5E3A}.Release|x64.Build.0 = Release|Any CPU
		{E95BF0B5-565A-4AB1-AEBE-077E697B5E3A}.Release|x86.ActiveCfg = Release|Any CPU
		{E95BF0B5-565A-4AB1-AEBE-077E697B5E3A}.Release|x86.Build.0 = Release|Any CPU
		{B2B0C802-9170-4366-88B2-972F57D48200}.Debug|Any CPU.ActiveCfg = Debug|Any CPU
		{B2B0C802-9170-4366-88B2-972F57D48200}.Debug|Any CPU.Build.0 = Debug|Any CPU
		{B2B0C802-9170-4366-88B2-972F57D48200}.Debug|x64.ActiveCfg = Debug|Any CPU
		{B2B0C802-9170-4366-88B2-972F57D48200}.Debug|x64.Build.0 = Debug|Any CPU
		{B2B0C802-9170-4366-88B2-972F57D48200}.Debug|x86.ActiveCfg = Debug|Any CPU
		{B2B0C802-9170-4366-88B2-972F57D48200}.Debug|x86.Build.0 = Debug|Any CPU
		{B2B0C802-9170-4366-88B2-972F57D48200}.Release|Any CPU.ActiveCfg = Release|Any CPU
		{B2B0C802-9170-4366-88B2-972F57D48200}.Release|Any CPU.Build.0 = Release|Any CPU
		{B2B0C802-9170-4366-88B2-972F57D48200}.Release|x64.ActiveCfg = Release|Any CPU
		{B2B0C802-9170-4366-88B2-972F57D48200}.Release|x64.Build.0 = Release|Any CPU
		{B2B0C802-9170-4366-88B2-972F57D48200}.Release|x86.ActiveCfg = Release|Any CPU
		{B2B0C802-9170-4366-88B2-972F57D48200}.Release|x86.Build.0 = Release|Any CPU
		{D4B200CA-25BF-4D02-A109-E97592A79448}.Debug|Any CPU.ActiveCfg = Debug|Any CPU
		{D4B200CA-25BF-4D02-A109-E97592A79448}.Debug|Any CPU.Build.0 = Debug|Any CPU
		{D4B200CA-25BF-4D02-A109-E97592A79448}.Debug|x64.ActiveCfg = Debug|Any CPU
		{D4B200CA-25BF-4D02-A109-E97592A79448}.Debug|x64.Build.0 = Debug|Any CPU
		{D4B200CA-25BF-4D02-A109-E97592A79448}.Debug|x86.ActiveCfg = Debug|Any CPU
		{D4B200CA-25BF-4D02-A109-E97592A79448}.Debug|x86.Build.0 = Debug|Any CPU
		{D4B200CA-25BF-4D02-A109-E97592A79448}.Release|Any CPU.ActiveCfg = Release|Any CPU
		{D4B200CA-25BF-4D02-A109-E97592A79448}.Release|Any CPU.Build.0 = Release|Any CPU
		{D4B200CA-25BF-4D02-A109-E97592A79448}.Release|x64.ActiveCfg = Release|Any CPU
		{D4B200CA-25BF-4D02-A109-E97592A79448}.Release|x64.Build.0 = Release|Any CPU
		{D4B200CA-25BF-4D02-A109-E97592A79448}.Release|x86.ActiveCfg = Release|Any CPU
		{D4B200CA-25BF-4D02-A109-E97592A79448}.Release|x86.Build.0 = Release|Any CPU
		{B66A818E-C082-4C2D-9225-5BBE1C65F5D2}.Debug|Any CPU.ActiveCfg = Debug|Any CPU
		{B66A818E-C082-4C2D-9225-5BBE1C65F5D2}.Debug|Any CPU.Build.0 = Debug|Any CPU
		{B66A818E-C082-4C2D-9225-5BBE1C65F5D2}.Debug|x64.ActiveCfg = Debug|Any CPU
		{B66A818E-C082-4C2D-9225-5BBE1C65F5D2}.Debug|x64.Build.0 = Debug|Any CPU
		{B66A818E-C082-4C2D-9225-5BBE1C65F5D2}.Debug|x86.ActiveCfg = Debug|Any CPU
		{B66A818E-C082-4C2D-9225-5BBE1C65F5D2}.Debug|x86.Build.0 = Debug|Any CPU
		{B66A818E-C082-4C2D-9225-5BBE1C65F5D2}.Release|Any CPU.ActiveCfg = Release|Any CPU
		{B66A818E-C082-4C2D-9225-5BBE1C65F5D2}.Release|Any CPU.Build.0 = Release|Any CPU
		{B66A818E-C082-4C2D-9225-5BBE1C65F5D2}.Release|x64.ActiveCfg = Release|Any CPU
		{B66A818E-C082-4C2D-9225-5BBE1C65F5D2}.Release|x64.Build.0 = Release|Any CPU
		{B66A818E-C082-4C2D-9225-5BBE1C65F5D2}.Release|x86.ActiveCfg = Release|Any CPU
		{B66A818E-C082-4C2D-9225-5BBE1C65F5D2}.Release|x86.Build.0 = Release|Any CPU
		{8FC2C6C5-52C4-4CA4-8631-8B40585750B3}.Debug|Any CPU.ActiveCfg = Debug|Any CPU
		{8FC2C6C5-52C4-4CA4-8631-8B40585750B3}.Debug|Any CPU.Build.0 = Debug|Any CPU
		{8FC2C6C5-52C4-4CA4-8631-8B40585750B3}.Debug|x64.ActiveCfg = Debug|Any CPU
		{8FC2C6C5-52C4-4CA4-8631-8B40585750B3}.Debug|x64.Build.0 = Debug|Any CPU
		{8FC2C6C5-52C4-4CA4-8631-8B40585750B3}.Debug|x86.ActiveCfg = Debug|Any CPU
		{8FC2C6C5-52C4-4CA4-8631-8B40585750B3}.Debug|x86.Build.0 = Debug|Any CPU
		{8FC2C6C5-52C4-4CA4-8631-8B40585750B3}.Release|Any CPU.ActiveCfg = Release|Any CPU
		{8FC2C6C5-52C4-4CA4-8631-8B40585750B3}.Release|Any CPU.Build.0 = Release|Any CPU
		{8FC2C6C5-52C4-4CA4-8631-8B40585750B3}.Release|x64.ActiveCfg = Release|Any CPU
		{8FC2C6C5-52C4-4CA4-8631-8B40585750B3}.Release|x64.Build.0 = Release|Any CPU
		{8FC2C6C5-52C4-4CA4-8631-8B40585750B3}.Release|x86.ActiveCfg = Release|Any CPU
		{8FC2C6C5-52C4-4CA4-8631-8B40585750B3}.Release|x86.Build.0 = Release|Any CPU
		{D3323BD6-CA25-4C13-A6C8-BEDEAF6588B4}.Debug|Any CPU.ActiveCfg = Debug|Any CPU
		{D3323BD6-CA25-4C13-A6C8-BEDEAF6588B4}.Debug|Any CPU.Build.0 = Debug|Any CPU
		{D3323BD6-CA25-4C13-A6C8-BEDEAF6588B4}.Debug|x64.ActiveCfg = Debug|Any CPU
		{D3323BD6-CA25-4C13-A6C8-BEDEAF6588B4}.Debug|x64.Build.0 = Debug|Any CPU
		{D3323BD6-CA25-4C13-A6C8-BEDEAF6588B4}.Debug|x86.ActiveCfg = Debug|Any CPU
		{D3323BD6-CA25-4C13-A6C8-BEDEAF6588B4}.Debug|x86.Build.0 = Debug|Any CPU
		{D3323BD6-CA25-4C13-A6C8-BEDEAF6588B4}.Release|Any CPU.ActiveCfg = Release|Any CPU
		{D3323BD6-CA25-4C13-A6C8-BEDEAF6588B4}.Release|Any CPU.Build.0 = Release|Any CPU
		{D3323BD6-CA25-4C13-A6C8-BEDEAF6588B4}.Release|x64.ActiveCfg = Release|Any CPU
		{D3323BD6-CA25-4C13-A6C8-BEDEAF6588B4}.Release|x64.Build.0 = Release|Any CPU
		{D3323BD6-CA25-4C13-A6C8-BEDEAF6588B4}.Release|x86.ActiveCfg = Release|Any CPU
		{D3323BD6-CA25-4C13-A6C8-BEDEAF6588B4}.Release|x86.Build.0 = Release|Any CPU
		{0825866F-7A86-45EA-9E77-D3CBB0BBAB21}.Debug|Any CPU.ActiveCfg = Debug|Any CPU
		{0825866F-7A86-45EA-9E77-D3CBB0BBAB21}.Debug|Any CPU.Build.0 = Debug|Any CPU
		{0825866F-7A86-45EA-9E77-D3CBB0BBAB21}.Debug|x64.ActiveCfg = Debug|Any CPU
		{0825866F-7A86-45EA-9E77-D3CBB0BBAB21}.Debug|x64.Build.0 = Debug|Any CPU
		{0825866F-7A86-45EA-9E77-D3CBB0BBAB21}.Debug|x86.ActiveCfg = Debug|Any CPU
		{0825866F-7A86-45EA-9E77-D3CBB0BBAB21}.Debug|x86.Build.0 = Debug|Any CPU
		{0825866F-7A86-45EA-9E77-D3CBB0BBAB21}.Release|Any CPU.ActiveCfg = Release|Any CPU
		{0825866F-7A86-45EA-9E77-D3CBB0BBAB21}.Release|Any CPU.Build.0 = Release|Any CPU
		{0825866F-7A86-45EA-9E77-D3CBB0BBAB21}.Release|x64.ActiveCfg = Release|Any CPU
		{0825866F-7A86-45EA-9E77-D3CBB0BBAB21}.Release|x64.Build.0 = Release|Any CPU
		{0825866F-7A86-45EA-9E77-D3CBB0BBAB21}.Release|x86.ActiveCfg = Release|Any CPU
		{0825866F-7A86-45EA-9E77-D3CBB0BBAB21}.Release|x86.Build.0 = Release|Any CPU
		{3E942D74-4CFC-448E-8598-2142469A7C8A}.Debug|Any CPU.ActiveCfg = Debug|Any CPU
		{3E942D74-4CFC-448E-8598-2142469A7C8A}.Debug|Any CPU.Build.0 = Debug|Any CPU
		{3E942D74-4CFC-448E-8598-2142469A7C8A}.Debug|x64.ActiveCfg = Debug|Any CPU
		{3E942D74-4CFC-448E-8598-2142469A7C8A}.Debug|x64.Build.0 = Debug|Any CPU
		{3E942D74-4CFC-448E-8598-2142469A7C8A}.Debug|x86.ActiveCfg = Debug|Any CPU
		{3E942D74-4CFC-448E-8598-2142469A7C8A}.Debug|x86.Build.0 = Debug|Any CPU
		{3E942D74-4CFC-448E-8598-2142469A7C8A}.Release|Any CPU.ActiveCfg = Release|Any CPU
		{3E942D74-4CFC-448E-8598-2142469A7C8A}.Release|Any CPU.Build.0 = Release|Any CPU
		{3E942D74-4CFC-448E-8598-2142469A7C8A}.Release|x64.ActiveCfg = Release|Any CPU
		{3E942D74-4CFC-448E-8598-2142469A7C8A}.Release|x64.Build.0 = Release|Any CPU
		{3E942D74-4CFC-448E-8598-2142469A7C8A}.Release|x86.ActiveCfg = Release|Any CPU
		{3E942D74-4CFC-448E-8598-2142469A7C8A}.Release|x86.Build.0 = Release|Any CPU
		{87E45747-2702-4ED0-8995-FD4DA3162707}.Debug|Any CPU.ActiveCfg = Debug|Any CPU
		{87E45747-2702-4ED0-8995-FD4DA3162707}.Debug|Any CPU.Build.0 = Debug|Any CPU
		{87E45747-2702-4ED0-8995-FD4DA3162707}.Debug|x64.ActiveCfg = Debug|Any CPU
		{87E45747-2702-4ED0-8995-FD4DA3162707}.Debug|x64.Build.0 = Debug|Any CPU
		{87E45747-2702-4ED0-8995-FD4DA3162707}.Debug|x86.ActiveCfg = Debug|Any CPU
		{87E45747-2702-4ED0-8995-FD4DA3162707}.Debug|x86.Build.0 = Debug|Any CPU
		{87E45747-2702-4ED0-8995-FD4DA3162707}.Release|Any CPU.ActiveCfg = Release|Any CPU
		{87E45747-2702-4ED0-8995-FD4DA3162707}.Release|Any CPU.Build.0 = Release|Any CPU
		{87E45747-2702-4ED0-8995-FD4DA3162707}.Release|x64.ActiveCfg = Release|Any CPU
		{87E45747-2702-4ED0-8995-FD4DA3162707}.Release|x64.Build.0 = Release|Any CPU
		{87E45747-2702-4ED0-8995-FD4DA3162707}.Release|x86.ActiveCfg = Release|Any CPU
		{87E45747-2702-4ED0-8995-FD4DA3162707}.Release|x86.Build.0 = Release|Any CPU
		{85F73B4D-CE8E-4DB2-A295-76A68604B343}.Debug|Any CPU.ActiveCfg = Debug|Any CPU
		{85F73B4D-CE8E-4DB2-A295-76A68604B343}.Debug|Any CPU.Build.0 = Debug|Any CPU
		{85F73B4D-CE8E-4DB2-A295-76A68604B343}.Debug|x64.ActiveCfg = Debug|Any CPU
		{85F73B4D-CE8E-4DB2-A295-76A68604B343}.Debug|x64.Build.0 = Debug|Any CPU
		{85F73B4D-CE8E-4DB2-A295-76A68604B343}.Debug|x86.ActiveCfg = Debug|Any CPU
		{85F73B4D-CE8E-4DB2-A295-76A68604B343}.Debug|x86.Build.0 = Debug|Any CPU
		{85F73B4D-CE8E-4DB2-A295-76A68604B343}.Release|Any CPU.ActiveCfg = Release|Any CPU
		{85F73B4D-CE8E-4DB2-A295-76A68604B343}.Release|Any CPU.Build.0 = Release|Any CPU
		{85F73B4D-CE8E-4DB2-A295-76A68604B343}.Release|x64.ActiveCfg = Release|Any CPU
		{85F73B4D-CE8E-4DB2-A295-76A68604B343}.Release|x64.Build.0 = Release|Any CPU
		{85F73B4D-CE8E-4DB2-A295-76A68604B343}.Release|x86.ActiveCfg = Release|Any CPU
		{85F73B4D-CE8E-4DB2-A295-76A68604B343}.Release|x86.Build.0 = Release|Any CPU
		{F04AB6E5-970E-41C2-9E80-4F1D603C40E0}.Debug|Any CPU.ActiveCfg = Debug|Any CPU
		{F04AB6E5-970E-41C2-9E80-4F1D603C40E0}.Debug|Any CPU.Build.0 = Debug|Any CPU
		{F04AB6E5-970E-41C2-9E80-4F1D603C40E0}.Debug|x64.ActiveCfg = Debug|Any CPU
		{F04AB6E5-970E-41C2-9E80-4F1D603C40E0}.Debug|x64.Build.0 = Debug|Any CPU
		{F04AB6E5-970E-41C2-9E80-4F1D603C40E0}.Debug|x86.ActiveCfg = Debug|Any CPU
		{F04AB6E5-970E-41C2-9E80-4F1D603C40E0}.Debug|x86.Build.0 = Debug|Any CPU
		{F04AB6E5-970E-41C2-9E80-4F1D603C40E0}.Release|Any CPU.ActiveCfg = Release|Any CPU
		{F04AB6E5-970E-41C2-9E80-4F1D603C40E0}.Release|Any CPU.Build.0 = Release|Any CPU
		{F04AB6E5-970E-41C2-9E80-4F1D603C40E0}.Release|x64.ActiveCfg = Release|Any CPU
		{F04AB6E5-970E-41C2-9E80-4F1D603C40E0}.Release|x64.Build.0 = Release|Any CPU
		{F04AB6E5-970E-41C2-9E80-4F1D603C40E0}.Release|x86.ActiveCfg = Release|Any CPU
		{F04AB6E5-970E-41C2-9E80-4F1D603C40E0}.Release|x86.Build.0 = Release|Any CPU
		{C20B64C4-3252-4082-A188-447AA3188CCC}.Debug|Any CPU.ActiveCfg = Debug|Any CPU
		{C20B64C4-3252-4082-A188-447AA3188CCC}.Debug|Any CPU.Build.0 = Debug|Any CPU
		{C20B64C4-3252-4082-A188-447AA3188CCC}.Debug|x64.ActiveCfg = Debug|Any CPU
		{C20B64C4-3252-4082-A188-447AA3188CCC}.Debug|x64.Build.0 = Debug|Any CPU
		{C20B64C4-3252-4082-A188-447AA3188CCC}.Debug|x86.ActiveCfg = Debug|Any CPU
		{C20B64C4-3252-4082-A188-447AA3188CCC}.Debug|x86.Build.0 = Debug|Any CPU
		{C20B64C4-3252-4082-A188-447AA3188CCC}.Release|Any CPU.ActiveCfg = Release|Any CPU
		{C20B64C4-3252-4082-A188-447AA3188CCC}.Release|Any CPU.Build.0 = Release|Any CPU
		{C20B64C4-3252-4082-A188-447AA3188CCC}.Release|x64.ActiveCfg = Release|Any CPU
		{C20B64C4-3252-4082-A188-447AA3188CCC}.Release|x64.Build.0 = Release|Any CPU
		{C20B64C4-3252-4082-A188-447AA3188CCC}.Release|x86.ActiveCfg = Release|Any CPU
		{C20B64C4-3252-4082-A188-447AA3188CCC}.Release|x86.Build.0 = Release|Any CPU
		{BBA82D37-91E1-44DA-A801-DBF0BFBF1988}.Debug|Any CPU.ActiveCfg = Debug|Any CPU
		{BBA82D37-91E1-44DA-A801-DBF0BFBF1988}.Debug|Any CPU.Build.0 = Debug|Any CPU
		{BBA82D37-91E1-44DA-A801-DBF0BFBF1988}.Debug|x64.ActiveCfg = Debug|Any CPU
		{BBA82D37-91E1-44DA-A801-DBF0BFBF1988}.Debug|x64.Build.0 = Debug|Any CPU
		{BBA82D37-91E1-44DA-A801-DBF0BFBF1988}.Debug|x86.ActiveCfg = Debug|Any CPU
		{BBA82D37-91E1-44DA-A801-DBF0BFBF1988}.Debug|x86.Build.0 = Debug|Any CPU
		{BBA82D37-91E1-44DA-A801-DBF0BFBF1988}.Release|Any CPU.ActiveCfg = Release|Any CPU
		{BBA82D37-91E1-44DA-A801-DBF0BFBF1988}.Release|Any CPU.Build.0 = Release|Any CPU
		{BBA82D37-91E1-44DA-A801-DBF0BFBF1988}.Release|x64.ActiveCfg = Release|Any CPU
		{BBA82D37-91E1-44DA-A801-DBF0BFBF1988}.Release|x64.Build.0 = Release|Any CPU
		{BBA82D37-91E1-44DA-A801-DBF0BFBF1988}.Release|x86.ActiveCfg = Release|Any CPU
		{BBA82D37-91E1-44DA-A801-DBF0BFBF1988}.Release|x86.Build.0 = Release|Any CPU
		{4FBE8B4C-13AA-42BA-8E39-EB8CDDA395C8}.Debug|Any CPU.ActiveCfg = Debug|Any CPU
		{4FBE8B4C-13AA-42BA-8E39-EB8CDDA395C8}.Debug|Any CPU.Build.0 = Debug|Any CPU
		{4FBE8B4C-13AA-42BA-8E39-EB8CDDA395C8}.Debug|x64.ActiveCfg = Debug|Any CPU
		{4FBE8B4C-13AA-42BA-8E39-EB8CDDA395C8}.Debug|x64.Build.0 = Debug|Any CPU
		{4FBE8B4C-13AA-42BA-8E39-EB8CDDA395C8}.Debug|x86.ActiveCfg = Debug|Any CPU
		{4FBE8B4C-13AA-42BA-8E39-EB8CDDA395C8}.Debug|x86.Build.0 = Debug|Any CPU
		{4FBE8B4C-13AA-42BA-8E39-EB8CDDA395C8}.Release|Any CPU.ActiveCfg = Release|Any CPU
		{4FBE8B4C-13AA-42BA-8E39-EB8CDDA395C8}.Release|Any CPU.Build.0 = Release|Any CPU
		{4FBE8B4C-13AA-42BA-8E39-EB8CDDA395C8}.Release|x64.ActiveCfg = Release|Any CPU
		{4FBE8B4C-13AA-42BA-8E39-EB8CDDA395C8}.Release|x64.Build.0 = Release|Any CPU
		{4FBE8B4C-13AA-42BA-8E39-EB8CDDA395C8}.Release|x86.ActiveCfg = Release|Any CPU
		{4FBE8B4C-13AA-42BA-8E39-EB8CDDA395C8}.Release|x86.Build.0 = Release|Any CPU
		{E98716EA-329B-4BF9-9E44-6C84C8CCE4B6}.Debug|Any CPU.ActiveCfg = Debug|Any CPU
		{E98716EA-329B-4BF9-9E44-6C84C8CCE4B6}.Debug|Any CPU.Build.0 = Debug|Any CPU
		{E98716EA-329B-4BF9-9E44-6C84C8CCE4B6}.Debug|x64.ActiveCfg = Debug|Any CPU
		{E98716EA-329B-4BF9-9E44-6C84C8CCE4B6}.Debug|x64.Build.0 = Debug|Any CPU
		{E98716EA-329B-4BF9-9E44-6C84C8CCE4B6}.Debug|x86.ActiveCfg = Debug|Any CPU
		{E98716EA-329B-4BF9-9E44-6C84C8CCE4B6}.Debug|x86.Build.0 = Debug|Any CPU
		{E98716EA-329B-4BF9-9E44-6C84C8CCE4B6}.Release|Any CPU.ActiveCfg = Release|Any CPU
		{E98716EA-329B-4BF9-9E44-6C84C8CCE4B6}.Release|Any CPU.Build.0 = Release|Any CPU
		{E98716EA-329B-4BF9-9E44-6C84C8CCE4B6}.Release|x64.ActiveCfg = Release|Any CPU
		{E98716EA-329B-4BF9-9E44-6C84C8CCE4B6}.Release|x64.Build.0 = Release|Any CPU
		{E98716EA-329B-4BF9-9E44-6C84C8CCE4B6}.Release|x86.ActiveCfg = Release|Any CPU
		{E98716EA-329B-4BF9-9E44-6C84C8CCE4B6}.Release|x86.Build.0 = Release|Any CPU
		{71761944-194C-4BBB-9553-A92D794F726F}.Debug|Any CPU.ActiveCfg = Debug|Any CPU
		{71761944-194C-4BBB-9553-A92D794F726F}.Debug|Any CPU.Build.0 = Debug|Any CPU
		{71761944-194C-4BBB-9553-A92D794F726F}.Debug|x64.ActiveCfg = Debug|Any CPU
		{71761944-194C-4BBB-9553-A92D794F726F}.Debug|x64.Build.0 = Debug|Any CPU
		{71761944-194C-4BBB-9553-A92D794F726F}.Debug|x86.ActiveCfg = Debug|Any CPU
		{71761944-194C-4BBB-9553-A92D794F726F}.Debug|x86.Build.0 = Debug|Any CPU
		{71761944-194C-4BBB-9553-A92D794F726F}.Release|Any CPU.ActiveCfg = Release|Any CPU
		{71761944-194C-4BBB-9553-A92D794F726F}.Release|Any CPU.Build.0 = Release|Any CPU
		{71761944-194C-4BBB-9553-A92D794F726F}.Release|x64.ActiveCfg = Release|Any CPU
		{71761944-194C-4BBB-9553-A92D794F726F}.Release|x64.Build.0 = Release|Any CPU
		{71761944-194C-4BBB-9553-A92D794F726F}.Release|x86.ActiveCfg = Release|Any CPU
		{71761944-194C-4BBB-9553-A92D794F726F}.Release|x86.Build.0 = Release|Any CPU
		{6AFE36B3-457F-4219-9E12-94258E6C988A}.Debug|Any CPU.ActiveCfg = Debug|Any CPU
		{6AFE36B3-457F-4219-9E12-94258E6C988A}.Debug|Any CPU.Build.0 = Debug|Any CPU
		{6AFE36B3-457F-4219-9E12-94258E6C988A}.Debug|x64.ActiveCfg = Debug|Any CPU
		{6AFE36B3-457F-4219-9E12-94258E6C988A}.Debug|x64.Build.0 = Debug|Any CPU
		{6AFE36B3-457F-4219-9E12-94258E6C988A}.Debug|x86.ActiveCfg = Debug|Any CPU
		{6AFE36B3-457F-4219-9E12-94258E6C988A}.Debug|x86.Build.0 = Debug|Any CPU
		{6AFE36B3-457F-4219-9E12-94258E6C988A}.Release|Any CPU.ActiveCfg = Release|Any CPU
		{6AFE36B3-457F-4219-9E12-94258E6C988A}.Release|Any CPU.Build.0 = Release|Any CPU
		{6AFE36B3-457F-4219-9E12-94258E6C988A}.Release|x64.ActiveCfg = Release|Any CPU
		{6AFE36B3-457F-4219-9E12-94258E6C988A}.Release|x64.Build.0 = Release|Any CPU
		{6AFE36B3-457F-4219-9E12-94258E6C988A}.Release|x86.ActiveCfg = Release|Any CPU
		{6AFE36B3-457F-4219-9E12-94258E6C988A}.Release|x86.Build.0 = Release|Any CPU
		{4D7EA066-4D2C-4698-AAF2-E6328817A143}.Debug|Any CPU.ActiveCfg = Debug|Any CPU
		{4D7EA066-4D2C-4698-AAF2-E6328817A143}.Debug|Any CPU.Build.0 = Debug|Any CPU
		{4D7EA066-4D2C-4698-AAF2-E6328817A143}.Debug|x64.ActiveCfg = Debug|Any CPU
		{4D7EA066-4D2C-4698-AAF2-E6328817A143}.Debug|x64.Build.0 = Debug|Any CPU
		{4D7EA066-4D2C-4698-AAF2-E6328817A143}.Debug|x86.ActiveCfg = Debug|Any CPU
		{4D7EA066-4D2C-4698-AAF2-E6328817A143}.Debug|x86.Build.0 = Debug|Any CPU
		{4D7EA066-4D2C-4698-AAF2-E6328817A143}.Release|Any CPU.ActiveCfg = Release|Any CPU
		{4D7EA066-4D2C-4698-AAF2-E6328817A143}.Release|Any CPU.Build.0 = Release|Any CPU
		{4D7EA066-4D2C-4698-AAF2-E6328817A143}.Release|x64.ActiveCfg = Release|Any CPU
		{4D7EA066-4D2C-4698-AAF2-E6328817A143}.Release|x64.Build.0 = Release|Any CPU
		{4D7EA066-4D2C-4698-AAF2-E6328817A143}.Release|x86.ActiveCfg = Release|Any CPU
		{4D7EA066-4D2C-4698-AAF2-E6328817A143}.Release|x86.Build.0 = Release|Any CPU
		{132FBF17-4655-43BE-9C50-F4E8CE7C9E25}.Debug|Any CPU.ActiveCfg = Debug|Any CPU
		{132FBF17-4655-43BE-9C50-F4E8CE7C9E25}.Debug|Any CPU.Build.0 = Debug|Any CPU
		{132FBF17-4655-43BE-9C50-F4E8CE7C9E25}.Debug|x64.ActiveCfg = Debug|Any CPU
		{132FBF17-4655-43BE-9C50-F4E8CE7C9E25}.Debug|x64.Build.0 = Debug|Any CPU
		{132FBF17-4655-43BE-9C50-F4E8CE7C9E25}.Debug|x86.ActiveCfg = Debug|Any CPU
		{132FBF17-4655-43BE-9C50-F4E8CE7C9E25}.Debug|x86.Build.0 = Debug|Any CPU
		{132FBF17-4655-43BE-9C50-F4E8CE7C9E25}.Release|Any CPU.ActiveCfg = Release|Any CPU
		{132FBF17-4655-43BE-9C50-F4E8CE7C9E25}.Release|Any CPU.Build.0 = Release|Any CPU
		{132FBF17-4655-43BE-9C50-F4E8CE7C9E25}.Release|x64.ActiveCfg = Release|Any CPU
		{132FBF17-4655-43BE-9C50-F4E8CE7C9E25}.Release|x64.Build.0 = Release|Any CPU
		{132FBF17-4655-43BE-9C50-F4E8CE7C9E25}.Release|x86.ActiveCfg = Release|Any CPU
		{132FBF17-4655-43BE-9C50-F4E8CE7C9E25}.Release|x86.Build.0 = Release|Any CPU
		{6740754F-DF0B-4C92-8C98-25A9819ED485}.Debug|Any CPU.ActiveCfg = Debug|Any CPU
		{6740754F-DF0B-4C92-8C98-25A9819ED485}.Debug|Any CPU.Build.0 = Debug|Any CPU
		{6740754F-DF0B-4C92-8C98-25A9819ED485}.Debug|x64.ActiveCfg = Debug|Any CPU
		{6740754F-DF0B-4C92-8C98-25A9819ED485}.Debug|x64.Build.0 = Debug|Any CPU
		{6740754F-DF0B-4C92-8C98-25A9819ED485}.Debug|x86.ActiveCfg = Debug|Any CPU
		{6740754F-DF0B-4C92-8C98-25A9819ED485}.Debug|x86.Build.0 = Debug|Any CPU
		{6740754F-DF0B-4C92-8C98-25A9819ED485}.Release|Any CPU.ActiveCfg = Release|Any CPU
		{6740754F-DF0B-4C92-8C98-25A9819ED485}.Release|Any CPU.Build.0 = Release|Any CPU
		{6740754F-DF0B-4C92-8C98-25A9819ED485}.Release|x64.ActiveCfg = Release|Any CPU
		{6740754F-DF0B-4C92-8C98-25A9819ED485}.Release|x64.Build.0 = Release|Any CPU
		{6740754F-DF0B-4C92-8C98-25A9819ED485}.Release|x86.ActiveCfg = Release|Any CPU
		{6740754F-DF0B-4C92-8C98-25A9819ED485}.Release|x86.Build.0 = Release|Any CPU
		{9286143B-7D1C-42CB-B1BF-C2FD483D51B9}.Debug|Any CPU.ActiveCfg = Debug|Any CPU
		{9286143B-7D1C-42CB-B1BF-C2FD483D51B9}.Debug|Any CPU.Build.0 = Debug|Any CPU
		{9286143B-7D1C-42CB-B1BF-C2FD483D51B9}.Debug|x64.ActiveCfg = Debug|Any CPU
		{9286143B-7D1C-42CB-B1BF-C2FD483D51B9}.Debug|x64.Build.0 = Debug|Any CPU
		{9286143B-7D1C-42CB-B1BF-C2FD483D51B9}.Debug|x86.ActiveCfg = Debug|Any CPU
		{9286143B-7D1C-42CB-B1BF-C2FD483D51B9}.Debug|x86.Build.0 = Debug|Any CPU
		{9286143B-7D1C-42CB-B1BF-C2FD483D51B9}.Release|Any CPU.ActiveCfg = Release|Any CPU
		{9286143B-7D1C-42CB-B1BF-C2FD483D51B9}.Release|Any CPU.Build.0 = Release|Any CPU
		{9286143B-7D1C-42CB-B1BF-C2FD483D51B9}.Release|x64.ActiveCfg = Release|Any CPU
		{9286143B-7D1C-42CB-B1BF-C2FD483D51B9}.Release|x64.Build.0 = Release|Any CPU
		{9286143B-7D1C-42CB-B1BF-C2FD483D51B9}.Release|x86.ActiveCfg = Release|Any CPU
		{9286143B-7D1C-42CB-B1BF-C2FD483D51B9}.Release|x86.Build.0 = Release|Any CPU
		{75BB1B0D-C6A6-40F3-AB4C-53F9E7279BDB}.Debug|Any CPU.ActiveCfg = Debug|Any CPU
		{75BB1B0D-C6A6-40F3-AB4C-53F9E7279BDB}.Debug|Any CPU.Build.0 = Debug|Any CPU
		{75BB1B0D-C6A6-40F3-AB4C-53F9E7279BDB}.Debug|x64.ActiveCfg = Debug|Any CPU
		{75BB1B0D-C6A6-40F3-AB4C-53F9E7279BDB}.Debug|x64.Build.0 = Debug|Any CPU
		{75BB1B0D-C6A6-40F3-AB4C-53F9E7279BDB}.Debug|x86.ActiveCfg = Debug|Any CPU
		{75BB1B0D-C6A6-40F3-AB4C-53F9E7279BDB}.Debug|x86.Build.0 = Debug|Any CPU
		{75BB1B0D-C6A6-40F3-AB4C-53F9E7279BDB}.Release|Any CPU.ActiveCfg = Release|Any CPU
		{75BB1B0D-C6A6-40F3-AB4C-53F9E7279BDB}.Release|Any CPU.Build.0 = Release|Any CPU
		{75BB1B0D-C6A6-40F3-AB4C-53F9E7279BDB}.Release|x64.ActiveCfg = Release|Any CPU
		{75BB1B0D-C6A6-40F3-AB4C-53F9E7279BDB}.Release|x64.Build.0 = Release|Any CPU
		{75BB1B0D-C6A6-40F3-AB4C-53F9E7279BDB}.Release|x86.ActiveCfg = Release|Any CPU
		{75BB1B0D-C6A6-40F3-AB4C-53F9E7279BDB}.Release|x86.Build.0 = Release|Any CPU
		{78ED69FA-C19F-4EBE-9E55-1590683FA56D}.Debug|Any CPU.ActiveCfg = Debug|Any CPU
		{78ED69FA-C19F-4EBE-9E55-1590683FA56D}.Debug|Any CPU.Build.0 = Debug|Any CPU
		{78ED69FA-C19F-4EBE-9E55-1590683FA56D}.Debug|x64.ActiveCfg = Debug|Any CPU
		{78ED69FA-C19F-4EBE-9E55-1590683FA56D}.Debug|x64.Build.0 = Debug|Any CPU
		{78ED69FA-C19F-4EBE-9E55-1590683FA56D}.Debug|x86.ActiveCfg = Debug|Any CPU
		{78ED69FA-C19F-4EBE-9E55-1590683FA56D}.Debug|x86.Build.0 = Debug|Any CPU
		{78ED69FA-C19F-4EBE-9E55-1590683FA56D}.Release|Any CPU.ActiveCfg = Release|Any CPU
		{78ED69FA-C19F-4EBE-9E55-1590683FA56D}.Release|Any CPU.Build.0 = Release|Any CPU
		{78ED69FA-C19F-4EBE-9E55-1590683FA56D}.Release|x64.ActiveCfg = Release|Any CPU
		{78ED69FA-C19F-4EBE-9E55-1590683FA56D}.Release|x64.Build.0 = Release|Any CPU
		{78ED69FA-C19F-4EBE-9E55-1590683FA56D}.Release|x86.ActiveCfg = Release|Any CPU
		{78ED69FA-C19F-4EBE-9E55-1590683FA56D}.Release|x86.Build.0 = Release|Any CPU
		{4EDD7B8A-1CE8-48BA-B1C6-559B1B9CA7B0}.Debug|Any CPU.ActiveCfg = Debug|Any CPU
		{4EDD7B8A-1CE8-48BA-B1C6-559B1B9CA7B0}.Debug|Any CPU.Build.0 = Debug|Any CPU
		{4EDD7B8A-1CE8-48BA-B1C6-559B1B9CA7B0}.Debug|x64.ActiveCfg = Debug|Any CPU
		{4EDD7B8A-1CE8-48BA-B1C6-559B1B9CA7B0}.Debug|x64.Build.0 = Debug|Any CPU
		{4EDD7B8A-1CE8-48BA-B1C6-559B1B9CA7B0}.Debug|x86.ActiveCfg = Debug|Any CPU
		{4EDD7B8A-1CE8-48BA-B1C6-559B1B9CA7B0}.Debug|x86.Build.0 = Debug|Any CPU
		{4EDD7B8A-1CE8-48BA-B1C6-559B1B9CA7B0}.Release|Any CPU.ActiveCfg = Release|Any CPU
		{4EDD7B8A-1CE8-48BA-B1C6-559B1B9CA7B0}.Release|Any CPU.Build.0 = Release|Any CPU
		{4EDD7B8A-1CE8-48BA-B1C6-559B1B9CA7B0}.Release|x64.ActiveCfg = Release|Any CPU
		{4EDD7B8A-1CE8-48BA-B1C6-559B1B9CA7B0}.Release|x64.Build.0 = Release|Any CPU
		{4EDD7B8A-1CE8-48BA-B1C6-559B1B9CA7B0}.Release|x86.ActiveCfg = Release|Any CPU
		{4EDD7B8A-1CE8-48BA-B1C6-559B1B9CA7B0}.Release|x86.Build.0 = Release|Any CPU
		{E5676732-04A3-4099-AEAE-05AB16322CE3}.Debug|Any CPU.ActiveCfg = Debug|Any CPU
		{E5676732-04A3-4099-AEAE-05AB16322CE3}.Debug|Any CPU.Build.0 = Debug|Any CPU
		{E5676732-04A3-4099-AEAE-05AB16322CE3}.Debug|x64.ActiveCfg = Debug|Any CPU
		{E5676732-04A3-4099-AEAE-05AB16322CE3}.Debug|x64.Build.0 = Debug|Any CPU
		{E5676732-04A3-4099-AEAE-05AB16322CE3}.Debug|x86.ActiveCfg = Debug|Any CPU
		{E5676732-04A3-4099-AEAE-05AB16322CE3}.Debug|x86.Build.0 = Debug|Any CPU
		{E5676732-04A3-4099-AEAE-05AB16322CE3}.Release|Any CPU.ActiveCfg = Release|Any CPU
		{E5676732-04A3-4099-AEAE-05AB16322CE3}.Release|Any CPU.Build.0 = Release|Any CPU
		{E5676732-04A3-4099-AEAE-05AB16322CE3}.Release|x64.ActiveCfg = Release|Any CPU
		{E5676732-04A3-4099-AEAE-05AB16322CE3}.Release|x64.Build.0 = Release|Any CPU
		{E5676732-04A3-4099-AEAE-05AB16322CE3}.Release|x86.ActiveCfg = Release|Any CPU
		{E5676732-04A3-4099-AEAE-05AB16322CE3}.Release|x86.Build.0 = Release|Any CPU
		{E6C45EBA-AC86-4317-857E-ADB2288A2498}.Debug|Any CPU.ActiveCfg = Debug|Any CPU
		{E6C45EBA-AC86-4317-857E-ADB2288A2498}.Debug|Any CPU.Build.0 = Debug|Any CPU
		{E6C45EBA-AC86-4317-857E-ADB2288A2498}.Debug|x64.ActiveCfg = Debug|Any CPU
		{E6C45EBA-AC86-4317-857E-ADB2288A2498}.Debug|x64.Build.0 = Debug|Any CPU
		{E6C45EBA-AC86-4317-857E-ADB2288A2498}.Debug|x86.ActiveCfg = Debug|Any CPU
		{E6C45EBA-AC86-4317-857E-ADB2288A2498}.Debug|x86.Build.0 = Debug|Any CPU
		{E6C45EBA-AC86-4317-857E-ADB2288A2498}.Release|Any CPU.ActiveCfg = Release|Any CPU
		{E6C45EBA-AC86-4317-857E-ADB2288A2498}.Release|Any CPU.Build.0 = Release|Any CPU
		{E6C45EBA-AC86-4317-857E-ADB2288A2498}.Release|x64.ActiveCfg = Release|Any CPU
		{E6C45EBA-AC86-4317-857E-ADB2288A2498}.Release|x64.Build.0 = Release|Any CPU
		{E6C45EBA-AC86-4317-857E-ADB2288A2498}.Release|x86.ActiveCfg = Release|Any CPU
		{E6C45EBA-AC86-4317-857E-ADB2288A2498}.Release|x86.Build.0 = Release|Any CPU
		{2E57C153-030A-4F41-BD94-FFCE9A8D3C55}.Debug|Any CPU.ActiveCfg = Debug|Any CPU
		{2E57C153-030A-4F41-BD94-FFCE9A8D3C55}.Debug|Any CPU.Build.0 = Debug|Any CPU
		{2E57C153-030A-4F41-BD94-FFCE9A8D3C55}.Debug|x64.ActiveCfg = Debug|Any CPU
		{2E57C153-030A-4F41-BD94-FFCE9A8D3C55}.Debug|x64.Build.0 = Debug|Any CPU
		{2E57C153-030A-4F41-BD94-FFCE9A8D3C55}.Debug|x86.ActiveCfg = Debug|Any CPU
		{2E57C153-030A-4F41-BD94-FFCE9A8D3C55}.Debug|x86.Build.0 = Debug|Any CPU
		{2E57C153-030A-4F41-BD94-FFCE9A8D3C55}.Release|Any CPU.ActiveCfg = Release|Any CPU
		{2E57C153-030A-4F41-BD94-FFCE9A8D3C55}.Release|Any CPU.Build.0 = Release|Any CPU
		{2E57C153-030A-4F41-BD94-FFCE9A8D3C55}.Release|x64.ActiveCfg = Release|Any CPU
		{2E57C153-030A-4F41-BD94-FFCE9A8D3C55}.Release|x64.Build.0 = Release|Any CPU
		{2E57C153-030A-4F41-BD94-FFCE9A8D3C55}.Release|x86.ActiveCfg = Release|Any CPU
		{2E57C153-030A-4F41-BD94-FFCE9A8D3C55}.Release|x86.Build.0 = Release|Any CPU
		{BEAAEAB0-267E-444B-8649-F9BE65220B2F}.Debug|Any CPU.ActiveCfg = Debug|Any CPU
		{BEAAEAB0-267E-444B-8649-F9BE65220B2F}.Debug|Any CPU.Build.0 = Debug|Any CPU
		{BEAAEAB0-267E-444B-8649-F9BE65220B2F}.Debug|x64.ActiveCfg = Debug|Any CPU
		{BEAAEAB0-267E-444B-8649-F9BE65220B2F}.Debug|x64.Build.0 = Debug|Any CPU
		{BEAAEAB0-267E-444B-8649-F9BE65220B2F}.Debug|x86.ActiveCfg = Debug|Any CPU
		{BEAAEAB0-267E-444B-8649-F9BE65220B2F}.Debug|x86.Build.0 = Debug|Any CPU
		{BEAAEAB0-267E-444B-8649-F9BE65220B2F}.Release|Any CPU.ActiveCfg = Release|Any CPU
		{BEAAEAB0-267E-444B-8649-F9BE65220B2F}.Release|Any CPU.Build.0 = Release|Any CPU
		{BEAAEAB0-267E-444B-8649-F9BE65220B2F}.Release|x64.ActiveCfg = Release|Any CPU
		{BEAAEAB0-267E-444B-8649-F9BE65220B2F}.Release|x64.Build.0 = Release|Any CPU
		{BEAAEAB0-267E-444B-8649-F9BE65220B2F}.Release|x86.ActiveCfg = Release|Any CPU
		{BEAAEAB0-267E-444B-8649-F9BE65220B2F}.Release|x86.Build.0 = Release|Any CPU
		{B40ADDA2-B4CC-45C3-9E7C-515DF59F615C}.Debug|Any CPU.ActiveCfg = Debug|Any CPU
		{B40ADDA2-B4CC-45C3-9E7C-515DF59F615C}.Debug|Any CPU.Build.0 = Debug|Any CPU
		{B40ADDA2-B4CC-45C3-9E7C-515DF59F615C}.Debug|x64.ActiveCfg = Debug|Any CPU
		{B40ADDA2-B4CC-45C3-9E7C-515DF59F615C}.Debug|x64.Build.0 = Debug|Any CPU
		{B40ADDA2-B4CC-45C3-9E7C-515DF59F615C}.Debug|x86.ActiveCfg = Debug|Any CPU
		{B40ADDA2-B4CC-45C3-9E7C-515DF59F615C}.Debug|x86.Build.0 = Debug|Any CPU
		{B40ADDA2-B4CC-45C3-9E7C-515DF59F615C}.Release|Any CPU.ActiveCfg = Release|Any CPU
		{B40ADDA2-B4CC-45C3-9E7C-515DF59F615C}.Release|Any CPU.Build.0 = Release|Any CPU
		{B40ADDA2-B4CC-45C3-9E7C-515DF59F615C}.Release|x64.ActiveCfg = Release|Any CPU
		{B40ADDA2-B4CC-45C3-9E7C-515DF59F615C}.Release|x64.Build.0 = Release|Any CPU
		{B40ADDA2-B4CC-45C3-9E7C-515DF59F615C}.Release|x86.ActiveCfg = Release|Any CPU
		{B40ADDA2-B4CC-45C3-9E7C-515DF59F615C}.Release|x86.Build.0 = Release|Any CPU
		{E6248010-A0D9-4155-A538-5FD4AD7F31D2}.Debug|Any CPU.ActiveCfg = Debug|Any CPU
		{E6248010-A0D9-4155-A538-5FD4AD7F31D2}.Debug|Any CPU.Build.0 = Debug|Any CPU
		{E6248010-A0D9-4155-A538-5FD4AD7F31D2}.Debug|x64.ActiveCfg = Debug|Any CPU
		{E6248010-A0D9-4155-A538-5FD4AD7F31D2}.Debug|x64.Build.0 = Debug|Any CPU
		{E6248010-A0D9-4155-A538-5FD4AD7F31D2}.Debug|x86.ActiveCfg = Debug|Any CPU
		{E6248010-A0D9-4155-A538-5FD4AD7F31D2}.Debug|x86.Build.0 = Debug|Any CPU
		{E6248010-A0D9-4155-A538-5FD4AD7F31D2}.Release|Any CPU.ActiveCfg = Release|Any CPU
		{E6248010-A0D9-4155-A538-5FD4AD7F31D2}.Release|Any CPU.Build.0 = Release|Any CPU
		{E6248010-A0D9-4155-A538-5FD4AD7F31D2}.Release|x64.ActiveCfg = Release|Any CPU
		{E6248010-A0D9-4155-A538-5FD4AD7F31D2}.Release|x64.Build.0 = Release|Any CPU
		{E6248010-A0D9-4155-A538-5FD4AD7F31D2}.Release|x86.ActiveCfg = Release|Any CPU
		{E6248010-A0D9-4155-A538-5FD4AD7F31D2}.Release|x86.Build.0 = Release|Any CPU
		{E5C0BC75-F30B-49A8-842F-4FCCBD2FFCFE}.Debug|Any CPU.ActiveCfg = Debug|Any CPU
		{E5C0BC75-F30B-49A8-842F-4FCCBD2FFCFE}.Debug|Any CPU.Build.0 = Debug|Any CPU
		{E5C0BC75-F30B-49A8-842F-4FCCBD2FFCFE}.Debug|x64.ActiveCfg = Debug|Any CPU
		{E5C0BC75-F30B-49A8-842F-4FCCBD2FFCFE}.Debug|x64.Build.0 = Debug|Any CPU
		{E5C0BC75-F30B-49A8-842F-4FCCBD2FFCFE}.Debug|x86.ActiveCfg = Debug|Any CPU
		{E5C0BC75-F30B-49A8-842F-4FCCBD2FFCFE}.Debug|x86.Build.0 = Debug|Any CPU
		{E5C0BC75-F30B-49A8-842F-4FCCBD2FFCFE}.Release|Any CPU.ActiveCfg = Release|Any CPU
		{E5C0BC75-F30B-49A8-842F-4FCCBD2FFCFE}.Release|Any CPU.Build.0 = Release|Any CPU
		{E5C0BC75-F30B-49A8-842F-4FCCBD2FFCFE}.Release|x64.ActiveCfg = Release|Any CPU
		{E5C0BC75-F30B-49A8-842F-4FCCBD2FFCFE}.Release|x64.Build.0 = Release|Any CPU
		{E5C0BC75-F30B-49A8-842F-4FCCBD2FFCFE}.Release|x86.ActiveCfg = Release|Any CPU
		{E5C0BC75-F30B-49A8-842F-4FCCBD2FFCFE}.Release|x86.Build.0 = Release|Any CPU
		{AAFCCC07-F98A-4701-A04B-1486329D205D}.Debug|Any CPU.ActiveCfg = Debug|Any CPU
		{AAFCCC07-F98A-4701-A04B-1486329D205D}.Debug|Any CPU.Build.0 = Debug|Any CPU
		{AAFCCC07-F98A-4701-A04B-1486329D205D}.Debug|x64.ActiveCfg = Debug|Any CPU
		{AAFCCC07-F98A-4701-A04B-1486329D205D}.Debug|x64.Build.0 = Debug|Any CPU
		{AAFCCC07-F98A-4701-A04B-1486329D205D}.Debug|x86.ActiveCfg = Debug|Any CPU
		{AAFCCC07-F98A-4701-A04B-1486329D205D}.Debug|x86.Build.0 = Debug|Any CPU
		{AAFCCC07-F98A-4701-A04B-1486329D205D}.Release|Any CPU.ActiveCfg = Release|Any CPU
		{AAFCCC07-F98A-4701-A04B-1486329D205D}.Release|Any CPU.Build.0 = Release|Any CPU
		{AAFCCC07-F98A-4701-A04B-1486329D205D}.Release|x64.ActiveCfg = Release|Any CPU
		{AAFCCC07-F98A-4701-A04B-1486329D205D}.Release|x64.Build.0 = Release|Any CPU
		{AAFCCC07-F98A-4701-A04B-1486329D205D}.Release|x86.ActiveCfg = Release|Any CPU
		{AAFCCC07-F98A-4701-A04B-1486329D205D}.Release|x86.Build.0 = Release|Any CPU
		{7257F5D4-0C66-433B-B8E9-00534C52C1A0}.Debug|Any CPU.ActiveCfg = Debug|Any CPU
		{7257F5D4-0C66-433B-B8E9-00534C52C1A0}.Debug|Any CPU.Build.0 = Debug|Any CPU
		{7257F5D4-0C66-433B-B8E9-00534C52C1A0}.Debug|x64.ActiveCfg = Debug|Any CPU
		{7257F5D4-0C66-433B-B8E9-00534C52C1A0}.Debug|x64.Build.0 = Debug|Any CPU
		{7257F5D4-0C66-433B-B8E9-00534C52C1A0}.Debug|x86.ActiveCfg = Debug|Any CPU
		{7257F5D4-0C66-433B-B8E9-00534C52C1A0}.Debug|x86.Build.0 = Debug|Any CPU
		{7257F5D4-0C66-433B-B8E9-00534C52C1A0}.Release|Any CPU.ActiveCfg = Release|Any CPU
		{7257F5D4-0C66-433B-B8E9-00534C52C1A0}.Release|Any CPU.Build.0 = Release|Any CPU
		{7257F5D4-0C66-433B-B8E9-00534C52C1A0}.Release|x64.ActiveCfg = Release|Any CPU
		{7257F5D4-0C66-433B-B8E9-00534C52C1A0}.Release|x64.Build.0 = Release|Any CPU
		{7257F5D4-0C66-433B-B8E9-00534C52C1A0}.Release|x86.ActiveCfg = Release|Any CPU
		{7257F5D4-0C66-433B-B8E9-00534C52C1A0}.Release|x86.Build.0 = Release|Any CPU
		{82E80577-51A6-43BB-B494-8E2F9ABB0C63}.Debug|Any CPU.ActiveCfg = Debug|Any CPU
		{82E80577-51A6-43BB-B494-8E2F9ABB0C63}.Debug|Any CPU.Build.0 = Debug|Any CPU
		{82E80577-51A6-43BB-B494-8E2F9ABB0C63}.Debug|x64.ActiveCfg = Debug|Any CPU
		{82E80577-51A6-43BB-B494-8E2F9ABB0C63}.Debug|x64.Build.0 = Debug|Any CPU
		{82E80577-51A6-43BB-B494-8E2F9ABB0C63}.Debug|x86.ActiveCfg = Debug|Any CPU
		{82E80577-51A6-43BB-B494-8E2F9ABB0C63}.Debug|x86.Build.0 = Debug|Any CPU
		{82E80577-51A6-43BB-B494-8E2F9ABB0C63}.Release|Any CPU.ActiveCfg = Release|Any CPU
		{82E80577-51A6-43BB-B494-8E2F9ABB0C63}.Release|Any CPU.Build.0 = Release|Any CPU
		{82E80577-51A6-43BB-B494-8E2F9ABB0C63}.Release|x64.ActiveCfg = Release|Any CPU
		{82E80577-51A6-43BB-B494-8E2F9ABB0C63}.Release|x64.Build.0 = Release|Any CPU
		{82E80577-51A6-43BB-B494-8E2F9ABB0C63}.Release|x86.ActiveCfg = Release|Any CPU
		{82E80577-51A6-43BB-B494-8E2F9ABB0C63}.Release|x86.Build.0 = Release|Any CPU
		{CF1E1C5E-AA1E-47B4-8025-6A0DB63DFC2F}.Debug|Any CPU.ActiveCfg = Debug|Any CPU
		{CF1E1C5E-AA1E-47B4-8025-6A0DB63DFC2F}.Debug|Any CPU.Build.0 = Debug|Any CPU
		{CF1E1C5E-AA1E-47B4-8025-6A0DB63DFC2F}.Debug|x64.ActiveCfg = Debug|Any CPU
		{CF1E1C5E-AA1E-47B4-8025-6A0DB63DFC2F}.Debug|x64.Build.0 = Debug|Any CPU
		{CF1E1C5E-AA1E-47B4-8025-6A0DB63DFC2F}.Debug|x86.ActiveCfg = Debug|Any CPU
		{CF1E1C5E-AA1E-47B4-8025-6A0DB63DFC2F}.Debug|x86.Build.0 = Debug|Any CPU
		{CF1E1C5E-AA1E-47B4-8025-6A0DB63DFC2F}.Release|Any CPU.ActiveCfg = Release|Any CPU
		{CF1E1C5E-AA1E-47B4-8025-6A0DB63DFC2F}.Release|Any CPU.Build.0 = Release|Any CPU
		{CF1E1C5E-AA1E-47B4-8025-6A0DB63DFC2F}.Release|x64.ActiveCfg = Release|Any CPU
		{CF1E1C5E-AA1E-47B4-8025-6A0DB63DFC2F}.Release|x64.Build.0 = Release|Any CPU
		{CF1E1C5E-AA1E-47B4-8025-6A0DB63DFC2F}.Release|x86.ActiveCfg = Release|Any CPU
		{CF1E1C5E-AA1E-47B4-8025-6A0DB63DFC2F}.Release|x86.Build.0 = Release|Any CPU
		{ED5299C2-D4A8-4BAB-9A8D-68549B65CD13}.Debug|Any CPU.ActiveCfg = Debug|Any CPU
		{ED5299C2-D4A8-4BAB-9A8D-68549B65CD13}.Debug|Any CPU.Build.0 = Debug|Any CPU
		{ED5299C2-D4A8-4BAB-9A8D-68549B65CD13}.Debug|x64.ActiveCfg = Debug|Any CPU
		{ED5299C2-D4A8-4BAB-9A8D-68549B65CD13}.Debug|x64.Build.0 = Debug|Any CPU
		{ED5299C2-D4A8-4BAB-9A8D-68549B65CD13}.Debug|x86.ActiveCfg = Debug|Any CPU
		{ED5299C2-D4A8-4BAB-9A8D-68549B65CD13}.Debug|x86.Build.0 = Debug|Any CPU
		{ED5299C2-D4A8-4BAB-9A8D-68549B65CD13}.Release|Any CPU.ActiveCfg = Release|Any CPU
		{ED5299C2-D4A8-4BAB-9A8D-68549B65CD13}.Release|Any CPU.Build.0 = Release|Any CPU
		{ED5299C2-D4A8-4BAB-9A8D-68549B65CD13}.Release|x64.ActiveCfg = Release|Any CPU
		{ED5299C2-D4A8-4BAB-9A8D-68549B65CD13}.Release|x64.Build.0 = Release|Any CPU
		{ED5299C2-D4A8-4BAB-9A8D-68549B65CD13}.Release|x86.ActiveCfg = Release|Any CPU
		{ED5299C2-D4A8-4BAB-9A8D-68549B65CD13}.Release|x86.Build.0 = Release|Any CPU
		{B044066B-8E07-4BD1-B2B1-105648A3ED5F}.Debug|Any CPU.ActiveCfg = Debug|Any CPU
		{B044066B-8E07-4BD1-B2B1-105648A3ED5F}.Debug|Any CPU.Build.0 = Debug|Any CPU
		{B044066B-8E07-4BD1-B2B1-105648A3ED5F}.Debug|x64.ActiveCfg = Debug|Any CPU
		{B044066B-8E07-4BD1-B2B1-105648A3ED5F}.Debug|x64.Build.0 = Debug|Any CPU
		{B044066B-8E07-4BD1-B2B1-105648A3ED5F}.Debug|x86.ActiveCfg = Debug|Any CPU
		{B044066B-8E07-4BD1-B2B1-105648A3ED5F}.Debug|x86.Build.0 = Debug|Any CPU
		{B044066B-8E07-4BD1-B2B1-105648A3ED5F}.Release|Any CPU.ActiveCfg = Release|Any CPU
		{B044066B-8E07-4BD1-B2B1-105648A3ED5F}.Release|Any CPU.Build.0 = Release|Any CPU
		{B044066B-8E07-4BD1-B2B1-105648A3ED5F}.Release|x64.ActiveCfg = Release|Any CPU
		{B044066B-8E07-4BD1-B2B1-105648A3ED5F}.Release|x64.Build.0 = Release|Any CPU
		{B044066B-8E07-4BD1-B2B1-105648A3ED5F}.Release|x86.ActiveCfg = Release|Any CPU
		{B044066B-8E07-4BD1-B2B1-105648A3ED5F}.Release|x86.Build.0 = Release|Any CPU
		{260B91D2-E7F3-42C3-90D2-9A980DC3283B}.Debug|Any CPU.ActiveCfg = Debug|Any CPU
		{260B91D2-E7F3-42C3-90D2-9A980DC3283B}.Debug|Any CPU.Build.0 = Debug|Any CPU
		{260B91D2-E7F3-42C3-90D2-9A980DC3283B}.Debug|x64.ActiveCfg = Debug|Any CPU
		{260B91D2-E7F3-42C3-90D2-9A980DC3283B}.Debug|x64.Build.0 = Debug|Any CPU
		{260B91D2-E7F3-42C3-90D2-9A980DC3283B}.Debug|x86.ActiveCfg = Debug|Any CPU
		{260B91D2-E7F3-42C3-90D2-9A980DC3283B}.Debug|x86.Build.0 = Debug|Any CPU
		{260B91D2-E7F3-42C3-90D2-9A980DC3283B}.Release|Any CPU.ActiveCfg = Release|Any CPU
		{260B91D2-E7F3-42C3-90D2-9A980DC3283B}.Release|Any CPU.Build.0 = Release|Any CPU
		{260B91D2-E7F3-42C3-90D2-9A980DC3283B}.Release|x64.ActiveCfg = Release|Any CPU
		{260B91D2-E7F3-42C3-90D2-9A980DC3283B}.Release|x64.Build.0 = Release|Any CPU
		{260B91D2-E7F3-42C3-90D2-9A980DC3283B}.Release|x86.ActiveCfg = Release|Any CPU
		{260B91D2-E7F3-42C3-90D2-9A980DC3283B}.Release|x86.Build.0 = Release|Any CPU
		{B02A3497-BFA2-47A4-B3A1-CE9E22F28AF9}.Debug|Any CPU.ActiveCfg = Debug|Any CPU
		{B02A3497-BFA2-47A4-B3A1-CE9E22F28AF9}.Debug|Any CPU.Build.0 = Debug|Any CPU
		{B02A3497-BFA2-47A4-B3A1-CE9E22F28AF9}.Debug|x64.ActiveCfg = Debug|Any CPU
		{B02A3497-BFA2-47A4-B3A1-CE9E22F28AF9}.Debug|x64.Build.0 = Debug|Any CPU
		{B02A3497-BFA2-47A4-B3A1-CE9E22F28AF9}.Debug|x86.ActiveCfg = Debug|Any CPU
		{B02A3497-BFA2-47A4-B3A1-CE9E22F28AF9}.Debug|x86.Build.0 = Debug|Any CPU
		{B02A3497-BFA2-47A4-B3A1-CE9E22F28AF9}.Release|Any CPU.ActiveCfg = Release|Any CPU
		{B02A3497-BFA2-47A4-B3A1-CE9E22F28AF9}.Release|Any CPU.Build.0 = Release|Any CPU
		{B02A3497-BFA2-47A4-B3A1-CE9E22F28AF9}.Release|x64.ActiveCfg = Release|Any CPU
		{B02A3497-BFA2-47A4-B3A1-CE9E22F28AF9}.Release|x64.Build.0 = Release|Any CPU
		{B02A3497-BFA2-47A4-B3A1-CE9E22F28AF9}.Release|x86.ActiveCfg = Release|Any CPU
		{B02A3497-BFA2-47A4-B3A1-CE9E22F28AF9}.Release|x86.Build.0 = Release|Any CPU
		{44C49014-8337-4EB5-A4F2-2BC729AAE0C5}.Debug|Any CPU.ActiveCfg = Debug|Any CPU
		{44C49014-8337-4EB5-A4F2-2BC729AAE0C5}.Debug|Any CPU.Build.0 = Debug|Any CPU
		{44C49014-8337-4EB5-A4F2-2BC729AAE0C5}.Debug|x64.ActiveCfg = Debug|Any CPU
		{44C49014-8337-4EB5-A4F2-2BC729AAE0C5}.Debug|x64.Build.0 = Debug|Any CPU
		{44C49014-8337-4EB5-A4F2-2BC729AAE0C5}.Debug|x86.ActiveCfg = Debug|Any CPU
		{44C49014-8337-4EB5-A4F2-2BC729AAE0C5}.Debug|x86.Build.0 = Debug|Any CPU
		{44C49014-8337-4EB5-A4F2-2BC729AAE0C5}.Release|Any CPU.ActiveCfg = Release|Any CPU
		{44C49014-8337-4EB5-A4F2-2BC729AAE0C5}.Release|Any CPU.Build.0 = Release|Any CPU
		{44C49014-8337-4EB5-A4F2-2BC729AAE0C5}.Release|x64.ActiveCfg = Release|Any CPU
		{44C49014-8337-4EB5-A4F2-2BC729AAE0C5}.Release|x64.Build.0 = Release|Any CPU
		{44C49014-8337-4EB5-A4F2-2BC729AAE0C5}.Release|x86.ActiveCfg = Release|Any CPU
		{44C49014-8337-4EB5-A4F2-2BC729AAE0C5}.Release|x86.Build.0 = Release|Any CPU
		{3021C5FA-61AF-4EE3-A46F-089C39651225}.Debug|Any CPU.ActiveCfg = Debug|Any CPU
		{3021C5FA-61AF-4EE3-A46F-089C39651225}.Debug|Any CPU.Build.0 = Debug|Any CPU
		{3021C5FA-61AF-4EE3-A46F-089C39651225}.Debug|x64.ActiveCfg = Debug|Any CPU
		{3021C5FA-61AF-4EE3-A46F-089C39651225}.Debug|x64.Build.0 = Debug|Any CPU
		{3021C5FA-61AF-4EE3-A46F-089C39651225}.Debug|x86.ActiveCfg = Debug|Any CPU
		{3021C5FA-61AF-4EE3-A46F-089C39651225}.Debug|x86.Build.0 = Debug|Any CPU
		{3021C5FA-61AF-4EE3-A46F-089C39651225}.Release|Any CPU.ActiveCfg = Release|Any CPU
		{3021C5FA-61AF-4EE3-A46F-089C39651225}.Release|Any CPU.Build.0 = Release|Any CPU
		{3021C5FA-61AF-4EE3-A46F-089C39651225}.Release|x64.ActiveCfg = Release|Any CPU
		{3021C5FA-61AF-4EE3-A46F-089C39651225}.Release|x64.Build.0 = Release|Any CPU
		{3021C5FA-61AF-4EE3-A46F-089C39651225}.Release|x86.ActiveCfg = Release|Any CPU
		{3021C5FA-61AF-4EE3-A46F-089C39651225}.Release|x86.Build.0 = Release|Any CPU
		{115E5AB0-B24A-4702-AC07-9513853D9E9D}.Debug|Any CPU.ActiveCfg = Debug|Any CPU
		{115E5AB0-B24A-4702-AC07-9513853D9E9D}.Debug|Any CPU.Build.0 = Debug|Any CPU
		{115E5AB0-B24A-4702-AC07-9513853D9E9D}.Debug|x64.ActiveCfg = Debug|Any CPU
		{115E5AB0-B24A-4702-AC07-9513853D9E9D}.Debug|x64.Build.0 = Debug|Any CPU
		{115E5AB0-B24A-4702-AC07-9513853D9E9D}.Debug|x86.ActiveCfg = Debug|Any CPU
		{115E5AB0-B24A-4702-AC07-9513853D9E9D}.Debug|x86.Build.0 = Debug|Any CPU
		{115E5AB0-B24A-4702-AC07-9513853D9E9D}.Release|Any CPU.ActiveCfg = Release|Any CPU
		{115E5AB0-B24A-4702-AC07-9513853D9E9D}.Release|Any CPU.Build.0 = Release|Any CPU
		{115E5AB0-B24A-4702-AC07-9513853D9E9D}.Release|x64.ActiveCfg = Release|Any CPU
		{115E5AB0-B24A-4702-AC07-9513853D9E9D}.Release|x64.Build.0 = Release|Any CPU
		{115E5AB0-B24A-4702-AC07-9513853D9E9D}.Release|x86.ActiveCfg = Release|Any CPU
		{115E5AB0-B24A-4702-AC07-9513853D9E9D}.Release|x86.Build.0 = Release|Any CPU
		{A7FE85F0-66CA-45D6-BD6F-924FC79E0DE4}.Debug|Any CPU.ActiveCfg = Debug|Any CPU
		{A7FE85F0-66CA-45D6-BD6F-924FC79E0DE4}.Debug|Any CPU.Build.0 = Debug|Any CPU
		{A7FE85F0-66CA-45D6-BD6F-924FC79E0DE4}.Debug|x64.ActiveCfg = Debug|Any CPU
		{A7FE85F0-66CA-45D6-BD6F-924FC79E0DE4}.Debug|x64.Build.0 = Debug|Any CPU
		{A7FE85F0-66CA-45D6-BD6F-924FC79E0DE4}.Debug|x86.ActiveCfg = Debug|Any CPU
		{A7FE85F0-66CA-45D6-BD6F-924FC79E0DE4}.Debug|x86.Build.0 = Debug|Any CPU
		{A7FE85F0-66CA-45D6-BD6F-924FC79E0DE4}.Release|Any CPU.ActiveCfg = Release|Any CPU
		{A7FE85F0-66CA-45D6-BD6F-924FC79E0DE4}.Release|Any CPU.Build.0 = Release|Any CPU
		{A7FE85F0-66CA-45D6-BD6F-924FC79E0DE4}.Release|x64.ActiveCfg = Release|Any CPU
		{A7FE85F0-66CA-45D6-BD6F-924FC79E0DE4}.Release|x64.Build.0 = Release|Any CPU
		{A7FE85F0-66CA-45D6-BD6F-924FC79E0DE4}.Release|x86.ActiveCfg = Release|Any CPU
		{A7FE85F0-66CA-45D6-BD6F-924FC79E0DE4}.Release|x86.Build.0 = Release|Any CPU
		{771198D1-5A0D-4C65-BA3C-12B56C95A050}.Debug|Any CPU.ActiveCfg = Debug|Any CPU
		{771198D1-5A0D-4C65-BA3C-12B56C95A050}.Debug|Any CPU.Build.0 = Debug|Any CPU
		{771198D1-5A0D-4C65-BA3C-12B56C95A050}.Debug|x64.ActiveCfg = Debug|Any CPU
		{771198D1-5A0D-4C65-BA3C-12B56C95A050}.Debug|x64.Build.0 = Debug|Any CPU
		{771198D1-5A0D-4C65-BA3C-12B56C95A050}.Debug|x86.ActiveCfg = Debug|Any CPU
		{771198D1-5A0D-4C65-BA3C-12B56C95A050}.Debug|x86.Build.0 = Debug|Any CPU
		{771198D1-5A0D-4C65-BA3C-12B56C95A050}.Release|Any CPU.ActiveCfg = Release|Any CPU
		{771198D1-5A0D-4C65-BA3C-12B56C95A050}.Release|Any CPU.Build.0 = Release|Any CPU
		{771198D1-5A0D-4C65-BA3C-12B56C95A050}.Release|x64.ActiveCfg = Release|Any CPU
		{771198D1-5A0D-4C65-BA3C-12B56C95A050}.Release|x64.Build.0 = Release|Any CPU
		{771198D1-5A0D-4C65-BA3C-12B56C95A050}.Release|x86.ActiveCfg = Release|Any CPU
		{771198D1-5A0D-4C65-BA3C-12B56C95A050}.Release|x86.Build.0 = Release|Any CPU
		{3585FDF3-4802-426E-8EAA-3647D3569B52}.Debug|Any CPU.ActiveCfg = Debug|Any CPU
		{3585FDF3-4802-426E-8EAA-3647D3569B52}.Debug|Any CPU.Build.0 = Debug|Any CPU
		{3585FDF3-4802-426E-8EAA-3647D3569B52}.Debug|x64.ActiveCfg = Debug|Any CPU
		{3585FDF3-4802-426E-8EAA-3647D3569B52}.Debug|x64.Build.0 = Debug|Any CPU
		{3585FDF3-4802-426E-8EAA-3647D3569B52}.Debug|x86.ActiveCfg = Debug|Any CPU
		{3585FDF3-4802-426E-8EAA-3647D3569B52}.Debug|x86.Build.0 = Debug|Any CPU
		{3585FDF3-4802-426E-8EAA-3647D3569B52}.Release|Any CPU.ActiveCfg = Release|Any CPU
		{3585FDF3-4802-426E-8EAA-3647D3569B52}.Release|Any CPU.Build.0 = Release|Any CPU
		{3585FDF3-4802-426E-8EAA-3647D3569B52}.Release|x64.ActiveCfg = Release|Any CPU
		{3585FDF3-4802-426E-8EAA-3647D3569B52}.Release|x64.Build.0 = Release|Any CPU
		{3585FDF3-4802-426E-8EAA-3647D3569B52}.Release|x86.ActiveCfg = Release|Any CPU
		{3585FDF3-4802-426E-8EAA-3647D3569B52}.Release|x86.Build.0 = Release|Any CPU
		{5FC35133-67A2-48F9-90DF-7F1D1FF1F342}.Debug|Any CPU.ActiveCfg = Debug|Any CPU
		{5FC35133-67A2-48F9-90DF-7F1D1FF1F342}.Debug|Any CPU.Build.0 = Debug|Any CPU
		{5FC35133-67A2-48F9-90DF-7F1D1FF1F342}.Debug|x64.ActiveCfg = Debug|Any CPU
		{5FC35133-67A2-48F9-90DF-7F1D1FF1F342}.Debug|x64.Build.0 = Debug|Any CPU
		{5FC35133-67A2-48F9-90DF-7F1D1FF1F342}.Debug|x86.ActiveCfg = Debug|Any CPU
		{5FC35133-67A2-48F9-90DF-7F1D1FF1F342}.Debug|x86.Build.0 = Debug|Any CPU
		{5FC35133-67A2-48F9-90DF-7F1D1FF1F342}.Release|Any CPU.ActiveCfg = Release|Any CPU
		{5FC35133-67A2-48F9-90DF-7F1D1FF1F342}.Release|Any CPU.Build.0 = Release|Any CPU
		{5FC35133-67A2-48F9-90DF-7F1D1FF1F342}.Release|x64.ActiveCfg = Release|Any CPU
		{5FC35133-67A2-48F9-90DF-7F1D1FF1F342}.Release|x64.Build.0 = Release|Any CPU
		{5FC35133-67A2-48F9-90DF-7F1D1FF1F342}.Release|x86.ActiveCfg = Release|Any CPU
		{5FC35133-67A2-48F9-90DF-7F1D1FF1F342}.Release|x86.Build.0 = Release|Any CPU
		{6744C682-7FFD-4EA4-8977-4BA2A39D4570}.Debug|Any CPU.ActiveCfg = Debug|Any CPU
		{6744C682-7FFD-4EA4-8977-4BA2A39D4570}.Debug|Any CPU.Build.0 = Debug|Any CPU
		{6744C682-7FFD-4EA4-8977-4BA2A39D4570}.Debug|x64.ActiveCfg = Debug|Any CPU
		{6744C682-7FFD-4EA4-8977-4BA2A39D4570}.Debug|x64.Build.0 = Debug|Any CPU
		{6744C682-7FFD-4EA4-8977-4BA2A39D4570}.Debug|x86.ActiveCfg = Debug|Any CPU
		{6744C682-7FFD-4EA4-8977-4BA2A39D4570}.Debug|x86.Build.0 = Debug|Any CPU
		{6744C682-7FFD-4EA4-8977-4BA2A39D4570}.Release|Any CPU.ActiveCfg = Release|Any CPU
		{6744C682-7FFD-4EA4-8977-4BA2A39D4570}.Release|Any CPU.Build.0 = Release|Any CPU
		{6744C682-7FFD-4EA4-8977-4BA2A39D4570}.Release|x64.ActiveCfg = Release|Any CPU
		{6744C682-7FFD-4EA4-8977-4BA2A39D4570}.Release|x64.Build.0 = Release|Any CPU
		{6744C682-7FFD-4EA4-8977-4BA2A39D4570}.Release|x86.ActiveCfg = Release|Any CPU
		{6744C682-7FFD-4EA4-8977-4BA2A39D4570}.Release|x86.Build.0 = Release|Any CPU
	EndGlobalSection
	GlobalSection(SolutionProperties) = preSolution
		HideSolutionNode = FALSE
	EndGlobalSection
	GlobalSection(NestedProjects) = preSolution
		{ABDAD9EA-2377-45BD-9DE7-D8745211A304} = {C47AEF40-3698-11E8-B400-07411FB1994A}
		{8C23EEE9-7CCB-4704-B4D5-D20840F60950} = {C47AEF40-3698-11E8-B400-07411FB1994A}
		{69C146D5-B433-48A4-B97F-E088FB80748C} = {C47AEF40-3698-11E8-B400-07411FB1994A}
		{27D5DD91-2AE0-4D4B-8954-8CBA9876D2C2} = {C47AEF40-3698-11E8-B400-07411FB1994A}
		{8B0DDBCA-1069-4D01-85B0-7D7A2B5AA94A} = {C47AEF40-3698-11E8-B400-07411FB1994A}
		{48A0B831-654C-4065-8D5C-2C8A5CD935F1} = {C47AEF40-3698-11E8-B400-07411FB1994A}
		{A30CA865-EB45-4C71-8C18-BFE05E60BCAD} = {C47AEF40-3698-11E8-B400-07411FB1994A}
		{70B07FFC-3E08-4534-9093-03D337F92338} = {C47AEF40-3698-11E8-B400-07411FB1994A}
		{8E438230-5C17-4CB0-9B30-88CBD270CEBC} = {C47AEF40-3698-11E8-B400-07411FB1994A}
		{2E74C930-C89D-443C-B711-9759EDE400FB} = {C47AEF40-3698-11E8-B400-07411FB1994A}
		{E88C529D-4CC7-46DB-89E9-69137B2FAA4A} = {C47AEF40-3698-11E8-B400-07411FB1994A}
		{771FD030-74EB-4699-8095-CB11B8DF1BBF} = {C47AEF40-3698-11E8-B400-07411FB1994A}
		{62AADDCC-0F19-4C59-9DCC-BF5D221B8F58} = {C47AEF40-3698-11E8-B400-07411FB1994A}
		{FE93447E-F2C6-46C0-BC7D-7356C3171303} = {C47AEF40-3698-11E8-B400-07411FB1994A}
		{73C34CDD-1D68-47F8-9969-A2B578BDCA1E} = {C47AEF40-3698-11E8-B400-07411FB1994A}
		{78444F59-C28B-49DB-AB64-FB832C38653C} = {C47AEF40-3698-11E8-B400-07411FB1994A}
		{E95BF0B5-565A-4AB1-AEBE-077E697B5E3A} = {C47AEF40-3698-11E8-B400-07411FB1994A}
		{B2B0C802-9170-4366-88B2-972F57D48200} = {C47AEF40-3698-11E8-B400-07411FB1994A}
		{D4B200CA-25BF-4D02-A109-E97592A79448} = {C47AEF40-3698-11E8-B400-07411FB1994A}
		{B66A818E-C082-4C2D-9225-5BBE1C65F5D2} = {C47AEF40-3698-11E8-B400-07411FB1994A}
		{8FC2C6C5-52C4-4CA4-8631-8B40585750B3} = {C47AEF40-3698-11E8-B400-07411FB1994A}
		{D3323BD6-CA25-4C13-A6C8-BEDEAF6588B4} = {C47AEF40-3698-11E8-B400-07411FB1994A}
		{0825866F-7A86-45EA-9E77-D3CBB0BBAB21} = {C47AEF40-3698-11E8-B400-07411FB1994A}
		{3E942D74-4CFC-448E-8598-2142469A7C8A} = {C47AEF40-3698-11E8-B400-07411FB1994A}
		{87E45747-2702-4ED0-8995-FD4DA3162707} = {C47AEF40-3698-11E8-B400-07411FB1994A}
		{85F73B4D-CE8E-4DB2-A295-76A68604B343} = {C47AEF40-3698-11E8-B400-07411FB1994A}
		{F04AB6E5-970E-41C2-9E80-4F1D603C40E0} = {C47AEF40-3698-11E8-B400-07411FB1994A}
		{C20B64C4-3252-4082-A188-447AA3188CCC} = {C47AEF40-3698-11E8-B400-07411FB1994A}
		{BBA82D37-91E1-44DA-A801-DBF0BFBF1988} = {C47AEF40-3698-11E8-B400-07411FB1994A}
		{4FBE8B4C-13AA-42BA-8E39-EB8CDDA395C8} = {C47AEF40-3698-11E8-B400-07411FB1994A}
		{E98716EA-329B-4BF9-9E44-6C84C8CCE4B6} = {C47AEF40-3698-11E8-B400-07411FB1994A}
		{71761944-194C-4BBB-9553-A92D794F726F} = {C47AEF40-3698-11E8-B400-07411FB1994A}
		{6AFE36B3-457F-4219-9E12-94258E6C988A} = {11E56A6E-0749-4FD9-B88A-ACA7C71E5218}
		{4D7EA066-4D2C-4698-AAF2-E6328817A143} = {11E56A6E-0749-4FD9-B88A-ACA7C71E5218}
		{132FBF17-4655-43BE-9C50-F4E8CE7C9E25} = {11E56A6E-0749-4FD9-B88A-ACA7C71E5218}
		{6740754F-DF0B-4C92-8C98-25A9819ED485} = {11E56A6E-0749-4FD9-B88A-ACA7C71E5218}
		{9286143B-7D1C-42CB-B1BF-C2FD483D51B9} = {11E56A6E-0749-4FD9-B88A-ACA7C71E5218}
		{75BB1B0D-C6A6-40F3-AB4C-53F9E7279BDB} = {11E56A6E-0749-4FD9-B88A-ACA7C71E5218}
		{78ED69FA-C19F-4EBE-9E55-1590683FA56D} = {C47AEF40-3698-11E8-B400-07411FB1994A}
		{4EDD7B8A-1CE8-48BA-B1C6-559B1B9CA7B0} = {C47AEF40-3698-11E8-B400-07411FB1994A}
		{E5676732-04A3-4099-AEAE-05AB16322CE3} = {C47AEF40-3698-11E8-B400-07411FB1994A}
		{E6C45EBA-AC86-4317-857E-ADB2288A2498} = {0987D0EC-96A9-4195-917B-A7363D3841BE}
		{2E57C153-030A-4F41-BD94-FFCE9A8D3C55} = {C47AEF40-3698-11E8-B400-07411FB1994A}
		{BEAAEAB0-267E-444B-8649-F9BE65220B2F} = {C47AEF40-3698-11E8-B400-07411FB1994A}
		{B40ADDA2-B4CC-45C3-9E7C-515DF59F615C} = {C47AEF40-3698-11E8-B400-07411FB1994A}
		{F947B77F-3C8D-4D5C-8612-82AB57157B88} = {9622D3B3-233A-4F7A-9D64-D761280B908E}
		{E6248010-A0D9-4155-A538-5FD4AD7F31D2} = {F947B77F-3C8D-4D5C-8612-82AB57157B88}
		{E5C0BC75-F30B-49A8-842F-4FCCBD2FFCFE} = {F947B77F-3C8D-4D5C-8612-82AB57157B88}
		{AAFCCC07-F98A-4701-A04B-1486329D205D} = {F947B77F-3C8D-4D5C-8612-82AB57157B88}
		{7257F5D4-0C66-433B-B8E9-00534C52C1A0} = {F947B77F-3C8D-4D5C-8612-82AB57157B88}
		{82E80577-51A6-43BB-B494-8E2F9ABB0C63} = {F947B77F-3C8D-4D5C-8612-82AB57157B88}
		{CF1E1C5E-AA1E-47B4-8025-6A0DB63DFC2F} = {F947B77F-3C8D-4D5C-8612-82AB57157B88}
		{ED5299C2-D4A8-4BAB-9A8D-68549B65CD13} = {F947B77F-3C8D-4D5C-8612-82AB57157B88}
		{B044066B-8E07-4BD1-B2B1-105648A3ED5F} = {F947B77F-3C8D-4D5C-8612-82AB57157B88}
		{260B91D2-E7F3-42C3-90D2-9A980DC3283B} = {F947B77F-3C8D-4D5C-8612-82AB57157B88}
		{B02A3497-BFA2-47A4-B3A1-CE9E22F28AF9} = {F947B77F-3C8D-4D5C-8612-82AB57157B88}
		{44C49014-8337-4EB5-A4F2-2BC729AAE0C5} = {F947B77F-3C8D-4D5C-8612-82AB57157B88}
		{3021C5FA-61AF-4EE3-A46F-089C39651225} = {F947B77F-3C8D-4D5C-8612-82AB57157B88}
		{115E5AB0-B24A-4702-AC07-9513853D9E9D} = {F947B77F-3C8D-4D5C-8612-82AB57157B88}
		{A7FE85F0-66CA-45D6-BD6F-924FC79E0DE4} = {F947B77F-3C8D-4D5C-8612-82AB57157B88}
		{771198D1-5A0D-4C65-BA3C-12B56C95A050} = {F947B77F-3C8D-4D5C-8612-82AB57157B88}
		{3585FDF3-4802-426E-8EAA-3647D3569B52} = {C47AEF40-3698-11E8-B400-07411FB1994A}
		{5FC35133-67A2-48F9-90DF-7F1D1FF1F342} = {F947B77F-3C8D-4D5C-8612-82AB57157B88}
		{6744C682-7FFD-4EA4-8977-4BA2A39D4570} = {F947B77F-3C8D-4D5C-8612-82AB57157B88}
	EndGlobalSection
	GlobalSection(ExtensibilityGlobals) = postSolution
		SolutionGuid = {D06D7804-497F-4305-9E64-FD9D5781CB7C}
	EndGlobalSection
EndGlobal
